// !$*UTF8*$!
{
	archiveVersion = 1;
	classes = {
	};
	objectVersion = 46;
	objects = {

/* Begin PBXBuildFile section */
		F935A5461AAEB5E9001DAB74 /* AppDelegate.m in Sources */ = {isa = PBXBuildFile; fileRef = F935A5451AAEB5E9001DAB74 /* AppDelegate.m */; };
		F935A5481AAEBA5F001DAB74 /* Images.xcassets in Resources */ = {isa = PBXBuildFile; fileRef = F935A5471AAEBA5F001DAB74 /* Images.xcassets */; };
		F9D645D21AAD918E00765EE1 /* main.m in Sources */ = {isa = PBXBuildFile; fileRef = F9D645D11AAD918E00765EE1 /* main.m */; };
		F9D645EC1AAD918E00765EE1 /* HelloTests.m in Sources */ = {isa = PBXBuildFile; fileRef = F9D645EB1AAD918E00765EE1 /* HelloTests.m */; };
/* End PBXBuildFile section */

/* Begin PBXContainerItemProxy section */
		F9D645E61AAD918E00765EE1 /* PBXContainerItemProxy */ = {
			isa = PBXContainerItemProxy;
			containerPortal = F9D645C41AAD918E00765EE1 /* Project object */;
			proxyType = 1;
			remoteGlobalIDString = F9D645CB1AAD918E00765EE1;
			remoteInfo = Hello;
		};
/* End PBXContainerItemProxy section */

/* Begin PBXFileReference section */
		F935A5441AAEB5E9001DAB74 /* AppDelegate.h */ = {isa = PBXFileReference; fileEncoding = 4; lastKnownFileType = sourcecode.c.h; name = AppDelegate.h; path = ../../../iOS/Hello/Hello/AppDelegate.h; sourceTree = "<group>"; };
		F935A5451AAEB5E9001DAB74 /* AppDelegate.m */ = {isa = PBXFileReference; fileEncoding = 4; lastKnownFileType = sourcecode.c.objc; name = AppDelegate.m; path = ../../../iOS/Hello/Hello/AppDelegate.m; sourceTree = "<group>"; };
		F935A5471AAEBA5F001DAB74 /* Images.xcassets */ = {isa = PBXFileReference; lastKnownFileType = folder.assetcatalog; path = Images.xcassets; sourceTree = "<group>"; };
		F9D645CC1AAD918E00765EE1 /* Hello.app */ = {isa = PBXFileReference; explicitFileType = wrapper.application; includeInIndex = 0; path = Hello.app; sourceTree = BUILT_PRODUCTS_DIR; };
		F9D645D01AAD918E00765EE1 /* Info.plist */ = {isa = PBXFileReference; lastKnownFileType = text.plist.xml; path = Info.plist; sourceTree = "<group>"; };
		F9D645D11AAD918E00765EE1 /* main.m */ = {isa = PBXFileReference; lastKnownFileType = sourcecode.c.objc; path = main.m; sourceTree = "<group>"; };
		F9D645E51AAD918E00765EE1 /* HelloTests.xctest */ = {isa = PBXFileReference; explicitFileType = wrapper.cfbundle; includeInIndex = 0; path = HelloTests.xctest; sourceTree = BUILT_PRODUCTS_DIR; };
		F9D645EA1AAD918E00765EE1 /* Info.plist */ = {isa = PBXFileReference; lastKnownFileType = text.plist.xml; path = Info.plist; sourceTree = "<group>"; };
		F9D645EB1AAD918E00765EE1 /* HelloTests.m */ = {isa = PBXFileReference; lastKnownFileType = sourcecode.c.objc; path = HelloTests.m; sourceTree = "<group>"; };
/* End PBXFileReference section */

/* Begin PBXFrameworksBuildPhase section */
		F9D645C91AAD918E00765EE1 /* Frameworks */ = {
			isa = PBXFrameworksBuildPhase;
			buildActionMask = 2147483647;
			files = (
			);
			runOnlyForDeploymentPostprocessing = 0;
		};
		F9D645E21AAD918E00765EE1 /* Frameworks */ = {
			isa = PBXFrameworksBuildPhase;
			buildActionMask = 2147483647;
			files = (
			);
			runOnlyForDeploymentPostprocessing = 0;
		};
/* End PBXFrameworksBuildPhase section */

/* Begin PBXGroup section */
		F9D645C31AAD918D00765EE1 = {
			isa = PBXGroup;
			children = (
				F9D645CE1AAD918E00765EE1 /* Hello */,
				F9D645E81AAD918E00765EE1 /* HelloTests */,
				F9D645CD1AAD918E00765EE1 /* Products */,
			);
			sourceTree = "<group>";
		};
		F9D645CD1AAD918E00765EE1 /* Products */ = {
			isa = PBXGroup;
			children = (
				F9D645CC1AAD918E00765EE1 /* Hello.app */,
				F9D645E51AAD918E00765EE1 /* HelloTests.xctest */,
			);
			name = Products;
			sourceTree = "<group>";
		};
		F9D645CE1AAD918E00765EE1 /* Hello */ = {
			isa = PBXGroup;
			children = (
				F9D645CF1AAD918E00765EE1 /* Supporting Files */,
				F935A5441AAEB5E9001DAB74 /* AppDelegate.h */,
				F935A5451AAEB5E9001DAB74 /* AppDelegate.m */,
				F935A5471AAEBA5F001DAB74 /* Images.xcassets */,
			);
			path = Hello;
			sourceTree = "<group>";
		};
		F9D645CF1AAD918E00765EE1 /* Supporting Files */ = {
			isa = PBXGroup;
			children = (
				F9D645D01AAD918E00765EE1 /* Info.plist */,
				F9D645D11AAD918E00765EE1 /* main.m */,
			);
			name = "Supporting Files";
			sourceTree = "<group>";
		};
		F9D645E81AAD918E00765EE1 /* HelloTests */ = {
			isa = PBXGroup;
			children = (
				F9D645EB1AAD918E00765EE1 /* HelloTests.m */,
				F9D645E91AAD918E00765EE1 /* Supporting Files */,
			);
			path = HelloTests;
			sourceTree = "<group>";
		};
		F9D645E91AAD918E00765EE1 /* Supporting Files */ = {
			isa = PBXGroup;
			children = (
				F9D645EA1AAD918E00765EE1 /* Info.plist */,
			);
			name = "Supporting Files";
			sourceTree = "<group>";
		};
/* End PBXGroup section */

/* Begin PBXNativeTarget section */
		F9D645CB1AAD918E00765EE1 /* Hello */ = {
			isa = PBXNativeTarget;
			buildConfigurationList = F9D645EF1AAD918E00765EE1 /* Build configuration list for PBXNativeTarget "Hello" */;
			buildPhases = (
				F9D645C81AAD918E00765EE1 /* Sources */,
				F9D645C91AAD918E00765EE1 /* Frameworks */,
				F9D645CA1AAD918E00765EE1 /* Resources */,
			);
			buildRules = (
			);
			dependencies = (
			);
			name = Hello;
			productName = Hello;
			productReference = F9D645CC1AAD918E00765EE1 /* Hello.app */;
			productType = "com.apple.product-type.application";
		};
		F9D645E41AAD918E00765EE1 /* HelloTests */ = {
			isa = PBXNativeTarget;
			buildConfigurationList = F9D645F21AAD918E00765EE1 /* Build configuration list for PBXNativeTarget "HelloTests" */;
			buildPhases = (
				F9D645E11AAD918E00765EE1 /* Sources */,
				F9D645E21AAD918E00765EE1 /* Frameworks */,
				F9D645E31AAD918E00765EE1 /* Resources */,
			);
			buildRules = (
			);
			dependencies = (
				F9D645E71AAD918E00765EE1 /* PBXTargetDependency */,
			);
			name = HelloTests;
			productName = HelloTests;
			productReference = F9D645E51AAD918E00765EE1 /* HelloTests.xctest */;
			productType = "com.apple.product-type.bundle.unit-test";
		};
/* End PBXNativeTarget section */

/* Begin PBXProject section */
		F9D645C41AAD918E00765EE1 /* Project object */ = {
			isa = PBXProject;
			attributes = {
				LastUpgradeCheck = 0610;
				ORGANIZATIONNAME = Eizer_N34;
				TargetAttributes = {
					F9D645CB1AAD918E00765EE1 = {
						CreatedOnToolsVersion = 6.1.1;
					};
					F9D645E41AAD918E00765EE1 = {
						CreatedOnToolsVersion = 6.1.1;
						TestTargetID = F9D645CB1AAD918E00765EE1;
					};
				};
			};
			buildConfigurationList = F9D645C71AAD918E00765EE1 /* Build configuration list for PBXProject "Hello" */;
			compatibilityVersion = "Xcode 3.2";
			developmentRegion = English;
			hasScannedForEncodings = 0;
			knownRegions = (
				en,
				Base,
			);
			mainGroup = F9D645C31AAD918D00765EE1;
			productRefGroup = F9D645CD1AAD918E00765EE1 /* Products */;
			projectDirPath = "";
			projectRoot = "";
			targets = (
				F9D645CB1AAD918E00765EE1 /* Hello */,
				F9D645E41AAD918E00765EE1 /* HelloTests */,
			);
		};
/* End PBXProject section */

/* Begin PBXResourcesBuildPhase section */
		F9D645CA1AAD918E00765EE1 /* Resources */ = {
			isa = PBXResourcesBuildPhase;
			buildActionMask = 2147483647;
			files = (
				F935A5481AAEBA5F001DAB74 /* Images.xcassets in Resources */,
			);
			runOnlyForDeploymentPostprocessing = 0;
		};
		F9D645E31AAD918E00765EE1 /* Resources */ = {
			isa = PBXResourcesBuildPhase;
			buildActionMask = 2147483647;
			files = (
			);
			runOnlyForDeploymentPostprocessing = 0;
		};
/* End PBXResourcesBuildPhase section */

/* Begin PBXSourcesBuildPhase section */
		F9D645C81AAD918E00765EE1 /* Sources */ = {
			isa = PBXSourcesBuildPhase;
			buildActionMask = 2147483647;
			files = (
				F935A5461AAEB5E9001DAB74 /* AppDelegate.m in Sources */,
				F9D645D21AAD918E00765EE1 /* main.m in Sources */,
			);
			runOnlyForDeploymentPostprocessing = 0;
		};
		F9D645E11AAD918E00765EE1 /* Sources */ = {
			isa = PBXSourcesBuildPhase;
			buildActionMask = 2147483647;
			files = (
				F9D645EC1AAD918E00765EE1 /* HelloTests.m in Sources */,
			);
			runOnlyForDeploymentPostprocessing = 0;
		};
/* End PBXSourcesBuildPhase section */

/* Begin PBXTargetDependency section */
		F9D645E71AAD918E00765EE1 /* PBXTargetDependency */ = {
			isa = PBXTargetDependency;
			target = F9D645CB1AAD918E00765EE1 /* Hello */;
			targetProxy = F9D645E61AAD918E00765EE1 /* PBXContainerItemProxy */;
		};
/* End PBXTargetDependency section */

/* Begin XCBuildConfiguration section */
		F9D645ED1AAD918E00765EE1 /* Debug */ = {
			isa = XCBuildConfiguration;
			buildSettings = {
				ALWAYS_SEARCH_USER_PATHS = NO;
				CLANG_CXX_LANGUAGE_STANDARD = "gnu++0x";
				CLANG_CXX_LIBRARY = "libc++";
				CLANG_ENABLE_MODULES = YES;
				CLANG_ENABLE_OBJC_ARC = YES;
				CLANG_WARN_BOOL_CONVERSION = YES;
				CLANG_WARN_CONSTANT_CONVERSION = YES;
				CLANG_WARN_DIRECT_OBJC_ISA_USAGE = YES_ERROR;
				CLANG_WARN_EMPTY_BODY = YES;
				CLANG_WARN_ENUM_CONVERSION = YES;
				CLANG_WARN_INT_CONVERSION = YES;
				CLANG_WARN_OBJC_ROOT_CLASS = YES_ERROR;
				CLANG_WARN_UNREACHABLE_CODE = YES;
				CLANG_WARN__DUPLICATE_METHOD_MATCH = YES;
				"CODE_SIGN_IDENTITY[sdk=iphoneos*]" = "iPhone Developer";
				COPY_PHASE_STRIP = NO;
				ENABLE_STRICT_OBJC_MSGSEND = YES;
				GCC_C_LANGUAGE_STANDARD = gnu99;
				GCC_DYNAMIC_NO_PIC = NO;
				GCC_OPTIMIZATION_LEVEL = 0;
				GCC_PREPROCESSOR_DEFINITIONS = (
					"DEBUG=1",
					"$(inherited)",
				);
				GCC_SYMBOLS_PRIVATE_EXTERN = NO;
				GCC_WARN_64_TO_32_BIT_CONVERSION = YES;
				GCC_WARN_ABOUT_RETURN_TYPE = YES_ERROR;
				GCC_WARN_UNDECLARED_SELECTOR = YES;
				GCC_WARN_UNINITIALIZED_AUTOS = YES_AGGRESSIVE;
				GCC_WARN_UNUSED_FUNCTION = YES;
				GCC_WARN_UNUSED_VARIABLE = YES;
				IPHONEOS_DEPLOYMENT_TARGET = 8.1;
				MTL_ENABLE_DEBUG_INFO = YES;
				ONLY_ACTIVE_ARCH = YES;
				SDKROOT = iphoneos;
			};
			name = Debug;
		};
		F9D645EE1AAD918E00765EE1 /* Release */ = {
			isa = XCBuildConfiguration;
			buildSettings = {
				ALWAYS_SEARCH_USER_PATHS = NO;
				CLANG_CXX_LANGUAGE_STANDARD = "gnu++0x";
				CLANG_CXX_LIBRARY = "libc++";
				CLANG_ENABLE_MODULES = YES;
				CLANG_ENABLE_OBJC_ARC = YES;
				CLANG_WARN_BOOL_CONVERSION = YES;
				CLANG_WARN_CONSTANT_CONVERSION = YES;
				CLANG_WARN_DIRECT_OBJC_ISA_USAGE = YES_ERROR;
				CLANG_WARN_EMPTY_BODY = YES;
				CLANG_WARN_ENUM_CONVERSION = YES;
				CLANG_WARN_INT_CONVERSION = YES;
				CLANG_WARN_OBJC_ROOT_CLASS = YES_ERROR;
				CLANG_WARN_UNREACHABLE_CODE = YES;
				CLANG_WARN__DUPLICATE_METHOD_MATCH = YES;
				"CODE_SIGN_IDENTITY[sdk=iphoneos*]" = "iPhone Developer";
				COPY_PHASE_STRIP = YES;
				ENABLE_NS_ASSERTIONS = NO;
				ENABLE_STRICT_OBJC_MSGSEND = YES;
				GCC_C_LANGUAGE_STANDARD = gnu99;
				GCC_WARN_64_TO_32_BIT_CONVERSION = YES;
				GCC_WARN_ABOUT_RETURN_TYPE = YES_ERROR;
				GCC_WARN_UNDECLARED_SELECTOR = YES;
				GCC_WARN_UNINITIALIZED_AUTOS = YES_AGGRESSIVE;
				GCC_WARN_UNUSED_FUNCTION = YES;
				GCC_WARN_UNUSED_VARIABLE = YES;
				IPHONEOS_DEPLOYMENT_TARGET = 8.1;
				MTL_ENABLE_DEBUG_INFO = NO;
				SDKROOT = iphoneos;
				VALIDATE_PRODUCT = YES;
			};
			name = Release;
		};
		F9D645F01AAD918E00765EE1 /* Debug */ = {
			isa = XCBuildConfiguration;
			buildSettings = {
				ASSETCATALOG_COMPILER_APPICON_NAME = AppIcon;
				ASSETCATALOG_COMPILER_LAUNCHIMAGE_NAME = LaunchImage;
				INFOPLIST_FILE = Hello/Info.plist;
				IPHONEOS_DEPLOYMENT_TARGET = 8.1;
				LD_RUNPATH_SEARCH_PATHS = "$(inherited) @executable_path/Frameworks";
				PRODUCT_NAME = "$(TARGET_NAME)";
			};
			name = Debug;
		};
		F9D645F11AAD918E00765EE1 /* Release */ = {
			isa = XCBuildConfiguration;
			buildSettings = {
				ASSETCATALOG_COMPILER_APPICON_NAME = AppIcon;
				ASSETCATALOG_COMPILER_LAUNCHIMAGE_NAME = LaunchImage;
				INFOPLIST_FILE = Hello/Info.plist;
				IPHONEOS_DEPLOYMENT_TARGET = 8.1;
				LD_RUNPATH_SEARCH_PATHS = "$(inherited) @executable_path/Frameworks";
				PRODUCT_NAME = "$(TARGET_NAME)";
			};
			name = Release;
		};
		F9D645F31AAD918E00765EE1 /* Debug */ = {
			isa = XCBuildConfiguration;
			buildSettings = {
				BUNDLE_LOADER = "$(TEST_HOST)";
				FRAMEWORK_SEARCH_PATHS = (
					"$(SDKROOT)/Developer/Library/Frameworks",
					"$(inherited)",
				);
				GCC_PREPROCESSOR_DEFINITIONS = (
					"DEBUG=1",
					"$(inherited)",
				);
				INFOPLIST_FILE = HelloTests/Info.plist;
				LD_RUNPATH_SEARCH_PATHS = "$(inherited) @executable_path/Frameworks @loader_path/Frameworks";
				PRODUCT_NAME = "$(TARGET_NAME)";
				TEST_HOST = "$(BUILT_PRODUCTS_DIR)/Hello.app/Hello";
			};
			name = Debug;
		};
		F9D645F41AAD918E00765EE1 /* Release */ = {
			isa = XCBuildConfiguration;
			buildSettings = {
				BUNDLE_LOADER = "$(TEST_HOST)";
				FRAMEWORK_SEARCH_PATHS = (
					"$(SDKROOT)/Developer/Library/Frameworks",
					"$(inherited)",
				);
				INFOPLIST_FILE = HelloTests/Info.plist;
				LD_RUNPATH_SEARCH_PATHS = "$(inherited) @executable_path/Frameworks @loader_path/Frameworks";
				PRODUCT_NAME = "$(TARGET_NAME)";
				TEST_HOST = "$(BUILT_PRODUCTS_DIR)/Hello.app/Hello";
			};
			name = Release;
		};
/* End XCBuildConfiguration section */

/* Begin XCConfigurationList section */
		F9D645C71AAD918E00765EE1 /* Build configuration list for PBXProject "Hello" */ = {
			isa = XCConfigurationList;
			buildConfigurations = (
				F9D645ED1AAD918E00765EE1 /* Debug */,
				F9D645EE1AAD918E00765EE1 /* Release */,
			);
			defaultConfigurationIsVisible = 0;
			defaultConfigurationName = Release;
		};
		F9D645EF1AAD918E00765EE1 /* Build configuration list for PBXNativeTarget "Hello" */ = {
			isa = XCConfigurationList;
			buildConfigurations = (
				F9D645F01AAD918E00765EE1 /* Debug */,
				F9D645F11AAD918E00765EE1 /* Release */,
			);
			defaultConfigurationIsVisible = 0;
			defaultConfigurationName = Release;
		};
		F9D645F21AAD918E00765EE1 /* Build configuration list for PBXNativeTarget "HelloTests" */ = {
			isa = XCConfigurationList;
			buildConfigurations = (
				F9D645F31AAD918E00765EE1 /* Debug */,
				F9D645F41AAD918E00765EE1 /* Release */,
			);
			defaultConfigurationIsVisible = 0;
			defaultConfigurationName = Release;
		};
/* End XCConfigurationList section */
	};
	rootObject = F9D645C41AAD918E00765EE1 /* Project object */;
}
