// !$*UTF8*$!
{
	archiveVersion = 1;
	classes = {
	};
	objectVersion = 46;
	objects = {

/* Begin PBXBuildFile section */
		F9EF367B1AB0309D00D68ABC /* main.m in Sources */ = {isa = PBXBuildFile; fileRef = F9EF367A1AB0309D00D68ABC /* main.m */; };
		F9EF367E1AB0309D00D68ABC /* AppDelegate.m in Sources */ = {isa = PBXBuildFile; fileRef = F9EF367D1AB0309D00D68ABC /* AppDelegate.m */; };
		F9EF36811AB0309D00D68ABC /* ViewController.m in Sources */ = {isa = PBXBuildFile; fileRef = F9EF36801AB0309D00D68ABC /* ViewController.m */; };
		F9EF36841AB0309D00D68ABC /* Main.storyboard in Resources */ = {isa = PBXBuildFile; fileRef = F9EF36821AB0309D00D68ABC /* Main.storyboard */; };
		F9EF36861AB0309D00D68ABC /* Images.xcassets in Resources */ = {isa = PBXBuildFile; fileRef = F9EF36851AB0309D00D68ABC /* Images.xcassets */; };
		F9EF36891AB0309D00D68ABC /* LaunchScreen.xib in Resources */ = {isa = PBXBuildFile; fileRef = F9EF36871AB0309D00D68ABC /* LaunchScreen.xib */; };
		F9EF36951AB0309D00D68ABC /* UIApplicationTests.m in Sources */ = {isa = PBXBuildFile; fileRef = F9EF36941AB0309D00D68ABC /* UIApplicationTests.m */; };
/* End PBXBuildFile section */

/* Begin PBXContainerItemProxy section */
		F9EF368F1AB0309D00D68ABC /* PBXContainerItemProxy */ = {
			isa = PBXContainerItemProxy;
			containerPortal = F9EF366D1AB0309D00D68ABC /* Project object */;
			proxyType = 1;
			remoteGlobalIDString = F9EF36741AB0309D00D68ABC;
			remoteInfo = UIApplication;
		};
/* End PBXContainerItemProxy section */

/* Begin PBXFileReference section */
		F9EF36751AB0309D00D68ABC /* UIApplication.app */ = {isa = PBXFileReference; explicitFileType = wrapper.application; includeInIndex = 0; path = UIApplication.app; sourceTree = BUILT_PRODUCTS_DIR; };
		F9EF36791AB0309D00D68ABC /* Info.plist */ = {isa = PBXFileReference; lastKnownFileType = text.plist.xml; path = Info.plist; sourceTree = "<group>"; };
		F9EF367A1AB0309D00D68ABC /* main.m */ = {isa = PBXFileReference; lastKnownFileType = sourcecode.c.objc; path = main.m; sourceTree = "<group>"; };
		F9EF367C1AB0309D00D68ABC /* AppDelegate.h */ = {isa = PBXFileReference; lastKnownFileType = sourcecode.c.h; path = AppDelegate.h; sourceTree = "<group>"; };
		F9EF367D1AB0309D00D68ABC /* AppDelegate.m */ = {isa = PBXFileReference; lastKnownFileType = sourcecode.c.objc; path = AppDelegate.m; sourceTree = "<group>"; };
		F9EF367F1AB0309D00D68ABC /* ViewController.h */ = {isa = PBXFileReference; lastKnownFileType = sourcecode.c.h; path = ViewController.h; sourceTree = "<group>"; };
		F9EF36801AB0309D00D68ABC /* ViewController.m */ = {isa = PBXFileReference; lastKnownFileType = sourcecode.c.objc; path = ViewController.m; sourceTree = "<group>"; };
		F9EF36831AB0309D00D68ABC /* Base */ = {isa = PBXFileReference; lastKnownFileType = file.storyboard; name = Base; path = Base.lproj/Main.storyboard; sourceTree = "<group>"; };
		F9EF36851AB0309D00D68ABC /* Images.xcassets */ = {isa = PBXFileReference; lastKnownFileType = folder.assetcatalog; path = Images.xcassets; sourceTree = "<group>"; };
		F9EF36881AB0309D00D68ABC /* Base */ = {isa = PBXFileReference; lastKnownFileType = file.xib; name = Base; path = Base.lproj/LaunchScreen.xib; sourceTree = "<group>"; };
		F9EF368E1AB0309D00D68ABC /* UIApplicationTests.xctest */ = {isa = PBXFileReference; explicitFileType = wrapper.cfbundle; includeInIndex = 0; path = UIApplicationTests.xctest; sourceTree = BUILT_PRODUCTS_DIR; };
		F9EF36931AB0309D00D68ABC /* Info.plist */ = {isa = PBXFileReference; lastKnownFileType = text.plist.xml; path = Info.plist; sourceTree = "<group>"; };
		F9EF36941AB0309D00D68ABC /* UIApplicationTests.m */ = {isa = PBXFileReference; lastKnownFileType = sourcecode.c.objc; path = UIApplicationTests.m; sourceTree = "<group>"; };
/* End PBXFileReference section */

/* Begin PBXFrameworksBuildPhase section */
		F9EF36721AB0309D00D68ABC /* Frameworks */ = {
			isa = PBXFrameworksBuildPhase;
			buildActionMask = 2147483647;
			files = (
			);
			runOnlyForDeploymentPostprocessing = 0;
		};
		F9EF368B1AB0309D00D68ABC /* Frameworks */ = {
			isa = PBXFrameworksBuildPhase;
			buildActionMask = 2147483647;
			files = (
			);
			runOnlyForDeploymentPostprocessing = 0;
		};
/* End PBXFrameworksBuildPhase section */

/* Begin PBXGroup section */
		F9EF366C1AB0309D00D68ABC = {
			isa = PBXGroup;
			children = (
				F9EF36771AB0309D00D68ABC /* UIApplication */,
				F9EF36911AB0309D00D68ABC /* UIApplicationTests */,
				F9EF36761AB0309D00D68ABC /* Products */,
			);
			sourceTree = "<group>";
		};
		F9EF36761AB0309D00D68ABC /* Products */ = {
			isa = PBXGroup;
			children = (
				F9EF36751AB0309D00D68ABC /* UIApplication.app */,
				F9EF368E1AB0309D00D68ABC /* UIApplicationTests.xctest */,
			);
			name = Products;
			sourceTree = "<group>";
		};
		F9EF36771AB0309D00D68ABC /* UIApplication */ = {
			isa = PBXGroup;
			children = (
				F9EF367C1AB0309D00D68ABC /* AppDelegate.h */,
				F9EF367D1AB0309D00D68ABC /* AppDelegate.m */,
				F9EF367F1AB0309D00D68ABC /* ViewController.h */,
				F9EF36801AB0309D00D68ABC /* ViewController.m */,
				F9EF36821AB0309D00D68ABC /* Main.storyboard */,
				F9EF36851AB0309D00D68ABC /* Images.xcassets */,
				F9EF36871AB0309D00D68ABC /* LaunchScreen.xib */,
				F9EF36781AB0309D00D68ABC /* Supporting Files */,
			);
			path = UIApplication;
			sourceTree = "<group>";
		};
		F9EF36781AB0309D00D68ABC /* Supporting Files */ = {
			isa = PBXGroup;
			children = (
				F9EF36791AB0309D00D68ABC /* Info.plist */,
				F9EF367A1AB0309D00D68ABC /* main.m */,
			);
			name = "Supporting Files";
			sourceTree = "<group>";
		};
		F9EF36911AB0309D00D68ABC /* UIApplicationTests */ = {
			isa = PBXGroup;
			children = (
				F9EF36941AB0309D00D68ABC /* UIApplicationTests.m */,
				F9EF36921AB0309D00D68ABC /* Supporting Files */,
			);
			path = UIApplicationTests;
			sourceTree = "<group>";
		};
		F9EF36921AB0309D00D68ABC /* Supporting Files */ = {
			isa = PBXGroup;
			children = (
				F9EF36931AB0309D00D68ABC /* Info.plist */,
			);
			name = "Supporting Files";
			sourceTree = "<group>";
		};
/* End PBXGroup section */

/* Begin PBXNativeTarget section */
		F9EF36741AB0309D00D68ABC /* UIApplication */ = {
			isa = PBXNativeTarget;
			buildConfigurationList = F9EF36981AB0309D00D68ABC /* Build configuration list for PBXNativeTarget "UIApplication" */;
			buildPhases = (
				F9EF36711AB0309D00D68ABC /* Sources */,
				F9EF36721AB0309D00D68ABC /* Frameworks */,
				F9EF36731AB0309D00D68ABC /* Resources */,
			);
			buildRules = (
			);
			dependencies = (
			);
			name = UIApplication;
			productName = UIApplication;
			productReference = F9EF36751AB0309D00D68ABC /* UIApplication.app */;
			productType = "com.apple.product-type.application";
		};
		F9EF368D1AB0309D00D68ABC /* UIApplicationTests */ = {
			isa = PBXNativeTarget;
			buildConfigurationList = F9EF369B1AB0309D00D68ABC /* Build configuration list for PBXNativeTarget "UIApplicationTests" */;
			buildPhases = (
				F9EF368A1AB0309D00D68ABC /* Sources */,
				F9EF368B1AB0309D00D68ABC /* Frameworks */,
				F9EF368C1AB0309D00D68ABC /* Resources */,
			);
			buildRules = (
			);
			dependencies = (
				F9EF36901AB0309D00D68ABC /* PBXTargetDependency */,
			);
			name = UIApplicationTests;
			productName = UIApplicationTests;
			productReference = F9EF368E1AB0309D00D68ABC /* UIApplicationTests.xctest */;
			productType = "com.apple.product-type.bundle.unit-test";
		};
/* End PBXNativeTarget section */

/* Begin PBXProject section */
		F9EF366D1AB0309D00D68ABC /* Project object */ = {
			isa = PBXProject;
			attributes = {
				LastUpgradeCheck = 0610;
				ORGANIZATIONNAME = Eizer_N34;
				TargetAttributes = {
					F9EF36741AB0309D00D68ABC = {
						CreatedOnToolsVersion = 6.1.1;
					};
					F9EF368D1AB0309D00D68ABC = {
						CreatedOnToolsVersion = 6.1.1;
						TestTargetID = F9EF36741AB0309D00D68ABC;
					};
				};
			};
			buildConfigurationList = F9EF36701AB0309D00D68ABC /* Build configuration list for PBXProject "UIApplication" */;
			compatibilityVersion = "Xcode 3.2";
			developmentRegion = English;
			hasScannedForEncodings = 0;
			knownRegions = (
				en,
				Base,
			);
			mainGroup = F9EF366C1AB0309D00D68ABC;
			productRefGroup = F9EF36761AB0309D00D68ABC /* Products */;
			projectDirPath = "";
			projectRoot = "";
			targets = (
				F9EF36741AB0309D00D68ABC /* UIApplication */,
				F9EF368D1AB0309D00D68ABC /* UIApplicationTests */,
			);
		};
/* End PBXProject section */

/* Begin PBXResourcesBuildPhase section */
		F9EF36731AB0309D00D68ABC /* Resources */ = {
			isa = PBXResourcesBuildPhase;
			buildActionMask = 2147483647;
			files = (
				F9EF36841AB0309D00D68ABC /* Main.storyboard in Resources */,
				F9EF36891AB0309D00D68ABC /* LaunchScreen.xib in Resources */,
				F9EF36861AB0309D00D68ABC /* Images.xcassets in Resources */,
			);
			runOnlyForDeploymentPostprocessing = 0;
		};
		F9EF368C1AB0309D00D68ABC /* Resources */ = {
			isa = PBXResourcesBuildPhase;
			buildActionMask = 2147483647;
			files = (
			);
			runOnlyForDeploymentPostprocessing = 0;
		};
/* End PBXResourcesBuildPhase section */

/* Begin PBXSourcesBuildPhase section */
		F9EF36711AB0309D00D68ABC /* Sources */ = {
			isa = PBXSourcesBuildPhase;
			buildActionMask = 2147483647;
			files = (
				F9EF36811AB0309D00D68ABC /* ViewController.m in Sources */,
				F9EF367E1AB0309D00D68ABC /* AppDelegate.m in Sources */,
				F9EF367B1AB0309D00D68ABC /* main.m in Sources */,
			);
			runOnlyForDeploymentPostprocessing = 0;
		};
		F9EF368A1AB0309D00D68ABC /* Sources */ = {
			isa = PBXSourcesBuildPhase;
			buildActionMask = 2147483647;
			files = (
				F9EF36951AB0309D00D68ABC /* UIApplicationTests.m in Sources */,
			);
			runOnlyForDeploymentPostprocessing = 0;
		};
/* End PBXSourcesBuildPhase section */

/* Begin PBXTargetDependency section */
		F9EF36901AB0309D00D68ABC /* PBXTargetDependency */ = {
			isa = PBXTargetDependency;
			target = F9EF36741AB0309D00D68ABC /* UIApplication */;
			targetProxy = F9EF368F1AB0309D00D68ABC /* PBXContainerItemProxy */;
		};
/* End PBXTargetDependency section */

/* Begin PBXVariantGroup section */
		F9EF36821AB0309D00D68ABC /* Main.storyboard */ = {
			isa = PBXVariantGroup;
			children = (
				F9EF36831AB0309D00D68ABC /* Base */,
			);
			name = Main.storyboard;
			sourceTree = "<group>";
		};
		F9EF36871AB0309D00D68ABC /* LaunchScreen.xib */ = {
			isa = PBXVariantGroup;
			children = (
				F9EF36881AB0309D00D68ABC /* Base */,
			);
			name = LaunchScreen.xib;
			sourceTree = "<group>";
		};
/* End PBXVariantGroup section */

/* Begin XCBuildConfiguration section */
		F9EF36961AB0309D00D68ABC /* Debug */ = {
			isa = XCBuildConfiguration;
			buildSettings = {
				ALWAYS_SEARCH_USER_PATHS = NO;
				CLANG_CXX_LANGUAGE_STANDARD = "gnu++0x";
				CLANG_CXX_LIBRARY = "libc++";
				CLANG_ENABLE_MODULES = YES;
				CLANG_ENABLE_OBJC_ARC = YES;
				CLANG_WARN_BOOL_CONVERSION = YES;
				CLANG_WARN_CONSTANT_CONVERSION = YES;
				CLANG_WARN_DIRECT_OBJC_ISA_USAGE = YES_ERROR;
				CLANG_WARN_EMPTY_BODY = YES;
				CLANG_WARN_ENUM_CONVERSION = YES;
				CLANG_WARN_INT_CONVERSION = YES;
				CLANG_WARN_OBJC_ROOT_CLASS = YES_ERROR;
				CLANG_WARN_UNREACHABLE_CODE = YES;
				CLANG_WARN__DUPLICATE_METHOD_MATCH = YES;
				"CODE_SIGN_IDENTITY[sdk=iphoneos*]" = "iPhone Developer";
				COPY_PHASE_STRIP = NO;
				ENABLE_STRICT_OBJC_MSGSEND = YES;
				GCC_C_LANGUAGE_STANDARD = gnu99;
				GCC_DYNAMIC_NO_PIC = NO;
				GCC_OPTIMIZATION_LEVEL = 0;
				GCC_PREPROCESSOR_DEFINITIONS = (
					"DEBUG=1",
					"$(inherited)",
				);
				GCC_SYMBOLS_PRIVATE_EXTERN = NO;
				GCC_WARN_64_TO_32_BIT_CONVERSION = YES;
				GCC_WARN_ABOUT_RETURN_TYPE = YES_ERROR;
				GCC_WARN_UNDECLARED_SELECTOR = YES;
				GCC_WARN_UNINITIALIZED_AUTOS = YES_AGGRESSIVE;
				GCC_WARN_UNUSED_FUNCTION = YES;
				GCC_WARN_UNUSED_VARIABLE = YES;
				IPHONEOS_DEPLOYMENT_TARGET = 8.1;
				MTL_ENABLE_DEBUG_INFO = YES;
				ONLY_ACTIVE_ARCH = YES;
				SDKROOT = iphoneos;
			};
			name = Debug;
		};
		F9EF36971AB0309D00D68ABC /* Release */ = {
			isa = XCBuildConfiguration;
			buildSettings = {
				ALWAYS_SEARCH_USER_PATHS = NO;
				CLANG_CXX_LANGUAGE_STANDARD = "gnu++0x";
				CLANG_CXX_LIBRARY = "libc++";
				CLANG_ENABLE_MODULES = YES;
				CLANG_ENABLE_OBJC_ARC = YES;
				CLANG_WARN_BOOL_CONVERSION = YES;
				CLANG_WARN_CONSTANT_CONVERSION = YES;
				CLANG_WARN_DIRECT_OBJC_ISA_USAGE = YES_ERROR;
				CLANG_WARN_EMPTY_BODY = YES;
				CLANG_WARN_ENUM_CONVERSION = YES;
				CLANG_WARN_INT_CONVERSION = YES;
				CLANG_WARN_OBJC_ROOT_CLASS = YES_ERROR;
				CLANG_WARN_UNREACHABLE_CODE = YES;
				CLANG_WARN__DUPLICATE_METHOD_MATCH = YES;
				"CODE_SIGN_IDENTITY[sdk=iphoneos*]" = "iPhone Developer";
				COPY_PHASE_STRIP = YES;
				ENABLE_NS_ASSERTIONS = NO;
				ENABLE_STRICT_OBJC_MSGSEND = YES;
				GCC_C_LANGUAGE_STANDARD = gnu99;
				GCC_WARN_64_TO_32_BIT_CONVERSION = YES;
				GCC_WARN_ABOUT_RETURN_TYPE = YES_ERROR;
				GCC_WARN_UNDECLARED_SELECTOR = YES;
				GCC_WARN_UNINITIALIZED_AUTOS = YES_AGGRESSIVE;
				GCC_WARN_UNUSED_FUNCTION = YES;
				GCC_WARN_UNUSED_VARIABLE = YES;
				IPHONEOS_DEPLOYMENT_TARGET = 8.1;
				MTL_ENABLE_DEBUG_INFO = NO;
				SDKROOT = iphoneos;
				VALIDATE_PRODUCT = YES;
			};
			name = Release;
		};
		F9EF36991AB0309D00D68ABC /* Debug */ = {
			isa = XCBuildConfiguration;
			buildSettings = {
				ASSETCATALOG_COMPILER_APPICON_NAME = AppIcon;
				INFOPLIST_FILE = UIApplication/Info.plist;
				LD_RUNPATH_SEARCH_PATHS = "$(inherited) @executable_path/Frameworks";
				PRODUCT_NAME = "$(TARGET_NAME)";
			};
			name = Debug;
		};
		F9EF369A1AB0309D00D68ABC /* Release */ = {
			isa = XCBuildConfiguration;
			buildSettings = {
				ASSETCATALOG_COMPILER_APPICON_NAME = AppIcon;
				INFOPLIST_FILE = UIApplication/Info.plist;
				LD_RUNPATH_SEARCH_PATHS = "$(inherited) @executable_path/Frameworks";
				PRODUCT_NAME = "$(TARGET_NAME)";
			};
			name = Release;
		};
		F9EF369C1AB0309D00D68ABC /* Debug */ = {
			isa = XCBuildConfiguration;
			buildSettings = {
				BUNDLE_LOADER = "$(TEST_HOST)";
				FRAMEWORK_SEARCH_PATHS = (
					"$(SDKROOT)/Developer/Library/Frameworks",
					"$(inherited)",
				);
				GCC_PREPROCESSOR_DEFINITIONS = (
					"DEBUG=1",
					"$(inherited)",
				);
				INFOPLIST_FILE = UIApplicationTests/Info.plist;
				LD_RUNPATH_SEARCH_PATHS = "$(inherited) @executable_path/Frameworks @loader_path/Frameworks";
				PRODUCT_NAME = "$(TARGET_NAME)";
				TEST_HOST = "$(BUILT_PRODUCTS_DIR)/UIApplication.app/UIApplication";
			};
			name = Debug;
		};
		F9EF369D1AB0309D00D68ABC /* Release */ = {
			isa = XCBuildConfiguration;
			buildSettings = {
				BUNDLE_LOADER = "$(TEST_HOST)";
				FRAMEWORK_SEARCH_PATHS = (
					"$(SDKROOT)/Developer/Library/Frameworks",
					"$(inherited)",
				);
				INFOPLIST_FILE = UIApplicationTests/Info.plist;
				LD_RUNPATH_SEARCH_PATHS = "$(inherited) @executable_path/Frameworks @loader_path/Frameworks";
				PRODUCT_NAME = "$(TARGET_NAME)";
				TEST_HOST = "$(BUILT_PRODUCTS_DIR)/UIApplication.app/UIApplication";
			};
			name = Release;
		};
/* End XCBuildConfiguration section */

/* Begin XCConfigurationList section */
		F9EF36701AB0309D00D68ABC /* Build configuration list for PBXProject "UIApplication" */ = {
			isa = XCConfigurationList;
			buildConfigurations = (
				F9EF36961AB0309D00D68ABC /* Debug */,
				F9EF36971AB0309D00D68ABC /* Release */,
			);
			defaultConfigurationIsVisible = 0;
			defaultConfigurationName = Release;
		};
		F9EF36981AB0309D00D68ABC /* Build configuration list for PBXNativeTarget "UIApplication" */ = {
			isa = XCConfigurationList;
			buildConfigurations = (
				F9EF36991AB0309D00D68ABC /* Debug */,
				F9EF369A1AB0309D00D68ABC /* Release */,
			);
			defaultConfigurationIsVisible = 0;
		};
		F9EF369B1AB0309D00D68ABC /* Build configuration list for PBXNativeTarget "UIApplicationTests" */ = {
			isa = XCConfigurationList;
			buildConfigurations = (
				F9EF369C1AB0309D00D68ABC /* Debug */,
				F9EF369D1AB0309D00D68ABC /* Release */,
			);
			defaultConfigurationIsVisible = 0;
		};
/* End XCConfigurationList section */
	};
	rootObject = F9EF366D1AB0309D00D68ABC /* Project object */;
}
