// !$*UTF8*$!
{
	archiveVersion = 1;
	classes = {
	};
	objectVersion = 46;
	objects = {

/* Begin PBXBuildFile section */
		F93F99091AB281F100E8DB6E /* main.m in Sources */ = {isa = PBXBuildFile; fileRef = F93F99081AB281F100E8DB6E /* main.m */; };
		F93F990C1AB281F100E8DB6E /* AppDelegate.m in Sources */ = {isa = PBXBuildFile; fileRef = F93F990B1AB281F100E8DB6E /* AppDelegate.m */; };
		F93F990F1AB281F100E8DB6E /* MasterViewController.m in Sources */ = {isa = PBXBuildFile; fileRef = F93F990E1AB281F100E8DB6E /* MasterViewController.m */; };
		F93F99121AB281F100E8DB6E /* DetailViewController.m in Sources */ = {isa = PBXBuildFile; fileRef = F93F99111AB281F100E8DB6E /* DetailViewController.m */; };
		F93F99151AB281F100E8DB6E /* Main.storyboard in Resources */ = {isa = PBXBuildFile; fileRef = F93F99131AB281F100E8DB6E /* Main.storyboard */; };
		F93F99171AB281F100E8DB6E /* Images.xcassets in Resources */ = {isa = PBXBuildFile; fileRef = F93F99161AB281F100E8DB6E /* Images.xcassets */; };
		F93F991A1AB281F100E8DB6E /* LaunchScreen.xib in Resources */ = {isa = PBXBuildFile; fileRef = F93F99181AB281F100E8DB6E /* LaunchScreen.xib */; };
		F93F99261AB281F100E8DB6E /* WeatherTests.m in Sources */ = {isa = PBXBuildFile; fileRef = F93F99251AB281F100E8DB6E /* WeatherTests.m */; };
		F93F99341AB282A300E8DB6E /* MyCell.m in Sources */ = {isa = PBXBuildFile; fileRef = F93F99331AB282A300E8DB6E /* MyCell.m */; };
/* End PBXBuildFile section */

/* Begin PBXContainerItemProxy section */
		F93F99201AB281F100E8DB6E /* PBXContainerItemProxy */ = {
			isa = PBXContainerItemProxy;
			containerPortal = F93F98FB1AB281F000E8DB6E /* Project object */;
			proxyType = 1;
			remoteGlobalIDString = F93F99021AB281F000E8DB6E;
			remoteInfo = Weather;
		};
/* End PBXContainerItemProxy section */

/* Begin PBXFileReference section */
		F93F99031AB281F000E8DB6E /* Weather.app */ = {isa = PBXFileReference; explicitFileType = wrapper.application; includeInIndex = 0; path = Weather.app; sourceTree = BUILT_PRODUCTS_DIR; };
		F93F99071AB281F100E8DB6E /* Info.plist */ = {isa = PBXFileReference; lastKnownFileType = text.plist.xml; path = Info.plist; sourceTree = "<group>"; };
		F93F99081AB281F100E8DB6E /* main.m */ = {isa = PBXFileReference; lastKnownFileType = sourcecode.c.objc; path = main.m; sourceTree = "<group>"; };
		F93F990A1AB281F100E8DB6E /* AppDelegate.h */ = {isa = PBXFileReference; lastKnownFileType = sourcecode.c.h; path = AppDelegate.h; sourceTree = "<group>"; };
		F93F990B1AB281F100E8DB6E /* AppDelegate.m */ = {isa = PBXFileReference; lastKnownFileType = sourcecode.c.objc; path = AppDelegate.m; sourceTree = "<group>"; };
		F93F990D1AB281F100E8DB6E /* MasterViewController.h */ = {isa = PBXFileReference; lastKnownFileType = sourcecode.c.h; path = MasterViewController.h; sourceTree = "<group>"; };
		F93F990E1AB281F100E8DB6E /* MasterViewController.m */ = {isa = PBXFileReference; lastKnownFileType = sourcecode.c.objc; path = MasterViewController.m; sourceTree = "<group>"; };
		F93F99101AB281F100E8DB6E /* DetailViewController.h */ = {isa = PBXFileReference; lastKnownFileType = sourcecode.c.h; path = DetailViewController.h; sourceTree = "<group>"; };
		F93F99111AB281F100E8DB6E /* DetailViewController.m */ = {isa = PBXFileReference; lastKnownFileType = sourcecode.c.objc; path = DetailViewController.m; sourceTree = "<group>"; };
		F93F99141AB281F100E8DB6E /* Base */ = {isa = PBXFileReference; lastKnownFileType = file.storyboard; name = Base; path = Base.lproj/Main.storyboard; sourceTree = "<group>"; };
		F93F99161AB281F100E8DB6E /* Images.xcassets */ = {isa = PBXFileReference; lastKnownFileType = folder.assetcatalog; path = Images.xcassets; sourceTree = "<group>"; };
		F93F99191AB281F100E8DB6E /* Base */ = {isa = PBXFileReference; lastKnownFileType = file.xib; name = Base; path = Base.lproj/LaunchScreen.xib; sourceTree = "<group>"; };
		F93F991F1AB281F100E8DB6E /* WeatherTests.xctest */ = {isa = PBXFileReference; explicitFileType = wrapper.cfbundle; includeInIndex = 0; path = WeatherTests.xctest; sourceTree = BUILT_PRODUCTS_DIR; };
		F93F99241AB281F100E8DB6E /* Info.plist */ = {isa = PBXFileReference; lastKnownFileType = text.plist.xml; path = Info.plist; sourceTree = "<group>"; };
		F93F99251AB281F100E8DB6E /* WeatherTests.m */ = {isa = PBXFileReference; lastKnownFileType = sourcecode.c.objc; path = WeatherTests.m; sourceTree = "<group>"; };
		F93F99321AB282A300E8DB6E /* MyCell.h */ = {isa = PBXFileReference; fileEncoding = 4; lastKnownFileType = sourcecode.c.h; path = MyCell.h; sourceTree = "<group>"; };
		F93F99331AB282A300E8DB6E /* MyCell.m */ = {isa = PBXFileReference; fileEncoding = 4; lastKnownFileType = sourcecode.c.objc; path = MyCell.m; sourceTree = "<group>"; };
/* End PBXFileReference section */

/* Begin PBXFrameworksBuildPhase section */
		F93F99001AB281F000E8DB6E /* Frameworks */ = {
			isa = PBXFrameworksBuildPhase;
			buildActionMask = 2147483647;
			files = (
			);
			runOnlyForDeploymentPostprocessing = 0;
		};
		F93F991C1AB281F100E8DB6E /* Frameworks */ = {
			isa = PBXFrameworksBuildPhase;
			buildActionMask = 2147483647;
			files = (
			);
			runOnlyForDeploymentPostprocessing = 0;
		};
/* End PBXFrameworksBuildPhase section */

/* Begin PBXGroup section */
		F93F98FA1AB281F000E8DB6E = {
			isa = PBXGroup;
			children = (
				F93F99051AB281F000E8DB6E /* Weather */,
				F93F99221AB281F100E8DB6E /* WeatherTests */,
				F93F99041AB281F000E8DB6E /* Products */,
			);
			sourceTree = "<group>";
		};
		F93F99041AB281F000E8DB6E /* Products */ = {
			isa = PBXGroup;
			children = (
				F93F99031AB281F000E8DB6E /* Weather.app */,
				F93F991F1AB281F100E8DB6E /* WeatherTests.xctest */,
			);
			name = Products;
			sourceTree = "<group>";
		};
		F93F99051AB281F000E8DB6E /* Weather */ = {
			isa = PBXGroup;
			children = (
				F93F990A1AB281F100E8DB6E /* AppDelegate.h */,
				F93F990B1AB281F100E8DB6E /* AppDelegate.m */,
				F93F990D1AB281F100E8DB6E /* MasterViewController.h */,
				F93F990E1AB281F100E8DB6E /* MasterViewController.m */,
				F93F99101AB281F100E8DB6E /* DetailViewController.h */,
				F93F99111AB281F100E8DB6E /* DetailViewController.m */,
				F93F99131AB281F100E8DB6E /* Main.storyboard */,
				F93F99161AB281F100E8DB6E /* Images.xcassets */,
				F93F99181AB281F100E8DB6E /* LaunchScreen.xib */,
				F93F99061AB281F100E8DB6E /* Supporting Files */,
				F93F99321AB282A300E8DB6E /* MyCell.h */,
				F93F99331AB282A300E8DB6E /* MyCell.m */,
			);
			path = Weather;
			sourceTree = "<group>";
		};
		F93F99061AB281F100E8DB6E /* Supporting Files */ = {
			isa = PBXGroup;
			children = (
				F93F99071AB281F100E8DB6E /* Info.plist */,
				F93F99081AB281F100E8DB6E /* main.m */,
			);
			name = "Supporting Files";
			sourceTree = "<group>";
		};
		F93F99221AB281F100E8DB6E /* WeatherTests */ = {
			isa = PBXGroup;
			children = (
				F93F99251AB281F100E8DB6E /* WeatherTests.m */,
				F93F99231AB281F100E8DB6E /* Supporting Files */,
			);
			path = WeatherTests;
			sourceTree = "<group>";
		};
		F93F99231AB281F100E8DB6E /* Supporting Files */ = {
			isa = PBXGroup;
			children = (
				F93F99241AB281F100E8DB6E /* Info.plist */,
			);
			name = "Supporting Files";
			sourceTree = "<group>";
		};
/* End PBXGroup section */

/* Begin PBXNativeTarget section */
		F93F99021AB281F000E8DB6E /* Weather */ = {
			isa = PBXNativeTarget;
			buildConfigurationList = F93F99291AB281F100E8DB6E /* Build configuration list for PBXNativeTarget "Weather" */;
			buildPhases = (
				F93F98FF1AB281F000E8DB6E /* Sources */,
				F93F99001AB281F000E8DB6E /* Frameworks */,
				F93F99011AB281F000E8DB6E /* Resources */,
			);
			buildRules = (
			);
			dependencies = (
			);
			name = Weather;
			productName = Weather;
			productReference = F93F99031AB281F000E8DB6E /* Weather.app */;
			productType = "com.apple.product-type.application";
		};
		F93F991E1AB281F100E8DB6E /* WeatherTests */ = {
			isa = PBXNativeTarget;
			buildConfigurationList = F93F992C1AB281F100E8DB6E /* Build configuration list for PBXNativeTarget "WeatherTests" */;
			buildPhases = (
				F93F991B1AB281F100E8DB6E /* Sources */,
				F93F991C1AB281F100E8DB6E /* Frameworks */,
				F93F991D1AB281F100E8DB6E /* Resources */,
			);
			buildRules = (
			);
			dependencies = (
				F93F99211AB281F100E8DB6E /* PBXTargetDependency */,
			);
			name = WeatherTests;
			productName = WeatherTests;
			productReference = F93F991F1AB281F100E8DB6E /* WeatherTests.xctest */;
			productType = "com.apple.product-type.bundle.unit-test";
		};
/* End PBXNativeTarget section */

/* Begin PBXProject section */
		F93F98FB1AB281F000E8DB6E /* Project object */ = {
			isa = PBXProject;
			attributes = {
				LastUpgradeCheck = 0610;
				ORGANIZATIONNAME = Eizer_N34;
				TargetAttributes = {
					F93F99021AB281F000E8DB6E = {
						CreatedOnToolsVersion = 6.1.1;
					};
					F93F991E1AB281F100E8DB6E = {
						CreatedOnToolsVersion = 6.1.1;
						TestTargetID = F93F99021AB281F000E8DB6E;
					};
				};
			};
			buildConfigurationList = F93F98FE1AB281F000E8DB6E /* Build configuration list for PBXProject "Weather" */;
			compatibilityVersion = "Xcode 3.2";
			developmentRegion = English;
			hasScannedForEncodings = 0;
			knownRegions = (
				en,
				Base,
			);
			mainGroup = F93F98FA1AB281F000E8DB6E;
			productRefGroup = F93F99041AB281F000E8DB6E /* Products */;
			projectDirPath = "";
			projectRoot = "";
			targets = (
				F93F99021AB281F000E8DB6E /* Weather */,
				F93F991E1AB281F100E8DB6E /* WeatherTests */,
			);
		};
/* End PBXProject section */

/* Begin PBXResourcesBuildPhase section */
		F93F99011AB281F000E8DB6E /* Resources */ = {
			isa = PBXResourcesBuildPhase;
			buildActionMask = 2147483647;
			files = (
				F93F99151AB281F100E8DB6E /* Main.storyboard in Resources */,
				F93F991A1AB281F100E8DB6E /* LaunchScreen.xib in Resources */,
				F93F99171AB281F100E8DB6E /* Images.xcassets in Resources */,
			);
			runOnlyForDeploymentPostprocessing = 0;
		};
		F93F991D1AB281F100E8DB6E /* Resources */ = {
			isa = PBXResourcesBuildPhase;
			buildActionMask = 2147483647;
			files = (
			);
			runOnlyForDeploymentPostprocessing = 0;
		};
/* End PBXResourcesBuildPhase section */

/* Begin PBXSourcesBuildPhase section */
		F93F98FF1AB281F000E8DB6E /* Sources */ = {
			isa = PBXSourcesBuildPhase;
			buildActionMask = 2147483647;
			files = (
				F93F990C1AB281F100E8DB6E /* AppDelegate.m in Sources */,
				F93F990F1AB281F100E8DB6E /* MasterViewController.m in Sources */,
				F93F99091AB281F100E8DB6E /* main.m in Sources */,
				F93F99341AB282A300E8DB6E /* MyCell.m in Sources */,
				F93F99121AB281F100E8DB6E /* DetailViewController.m in Sources */,
			);
			runOnlyForDeploymentPostprocessing = 0;
		};
		F93F991B1AB281F100E8DB6E /* Sources */ = {
			isa = PBXSourcesBuildPhase;
			buildActionMask = 2147483647;
			files = (
				F93F99261AB281F100E8DB6E /* WeatherTests.m in Sources */,
			);
			runOnlyForDeploymentPostprocessing = 0;
		};
/* End PBXSourcesBuildPhase section */

/* Begin PBXTargetDependency section */
		F93F99211AB281F100E8DB6E /* PBXTargetDependency */ = {
			isa = PBXTargetDependency;
			target = F93F99021AB281F000E8DB6E /* Weather */;
			targetProxy = F93F99201AB281F100E8DB6E /* PBXContainerItemProxy */;
		};
/* End PBXTargetDependency section */

/* Begin PBXVariantGroup section */
		F93F99131AB281F100E8DB6E /* Main.storyboard */ = {
			isa = PBXVariantGroup;
			children = (
				F93F99141AB281F100E8DB6E /* Base */,
			);
			name = Main.storyboard;
			sourceTree = "<group>";
		};
		F93F99181AB281F100E8DB6E /* LaunchScreen.xib */ = {
			isa = PBXVariantGroup;
			children = (
				F93F99191AB281F100E8DB6E /* Base */,
			);
			name = LaunchScreen.xib;
			sourceTree = "<group>";
		};
/* End PBXVariantGroup section */

/* Begin XCBuildConfiguration section */
		F93F99271AB281F100E8DB6E /* Debug */ = {
			isa = XCBuildConfiguration;
			buildSettings = {
				ALWAYS_SEARCH_USER_PATHS = NO;
				CLANG_CXX_LANGUAGE_STANDARD = "gnu++0x";
				CLANG_CXX_LIBRARY = "libc++";
				CLANG_ENABLE_MODULES = YES;
				CLANG_ENABLE_OBJC_ARC = YES;
				CLANG_WARN_BOOL_CONVERSION = YES;
				CLANG_WARN_CONSTANT_CONVERSION = YES;
				CLANG_WARN_DIRECT_OBJC_ISA_USAGE = YES_ERROR;
				CLANG_WARN_EMPTY_BODY = YES;
				CLANG_WARN_ENUM_CONVERSION = YES;
				CLANG_WARN_INT_CONVERSION = YES;
				CLANG_WARN_OBJC_ROOT_CLASS = YES_ERROR;
				CLANG_WARN_UNREACHABLE_CODE = YES;
				CLANG_WARN__DUPLICATE_METHOD_MATCH = YES;
				"CODE_SIGN_IDENTITY[sdk=iphoneos*]" = "iPhone Developer";
				COPY_PHASE_STRIP = NO;
				ENABLE_STRICT_OBJC_MSGSEND = YES;
				GCC_C_LANGUAGE_STANDARD = gnu99;
				GCC_DYNAMIC_NO_PIC = NO;
				GCC_OPTIMIZATION_LEVEL = 0;
				GCC_PREPROCESSOR_DEFINITIONS = (
					"DEBUG=1",
					"$(inherited)",
				);
				GCC_SYMBOLS_PRIVATE_EXTERN = NO;
				GCC_WARN_64_TO_32_BIT_CONVERSION = YES;
				GCC_WARN_ABOUT_RETURN_TYPE = YES_ERROR;
				GCC_WARN_UNDECLARED_SELECTOR = YES;
				GCC_WARN_UNINITIALIZED_AUTOS = YES_AGGRESSIVE;
				GCC_WARN_UNUSED_FUNCTION = YES;
				GCC_WARN_UNUSED_VARIABLE = YES;
				IPHONEOS_DEPLOYMENT_TARGET = 8.1;
				MTL_ENABLE_DEBUG_INFO = YES;
				ONLY_ACTIVE_ARCH = YES;
				SDKROOT = iphoneos;
			};
			name = Debug;
		};
		F93F99281AB281F100E8DB6E /* Release */ = {
			isa = XCBuildConfiguration;
			buildSettings = {
				ALWAYS_SEARCH_USER_PATHS = NO;
				CLANG_CXX_LANGUAGE_STANDARD = "gnu++0x";
				CLANG_CXX_LIBRARY = "libc++";
				CLANG_ENABLE_MODULES = YES;
				CLANG_ENABLE_OBJC_ARC = YES;
				CLANG_WARN_BOOL_CONVERSION = YES;
				CLANG_WARN_CONSTANT_CONVERSION = YES;
				CLANG_WARN_DIRECT_OBJC_ISA_USAGE = YES_ERROR;
				CLANG_WARN_EMPTY_BODY = YES;
				CLANG_WARN_ENUM_CONVERSION = YES;
				CLANG_WARN_INT_CONVERSION = YES;
				CLANG_WARN_OBJC_ROOT_CLASS = YES_ERROR;
				CLANG_WARN_UNREACHABLE_CODE = YES;
				CLANG_WARN__DUPLICATE_METHOD_MATCH = YES;
				"CODE_SIGN_IDENTITY[sdk=iphoneos*]" = "iPhone Developer";
				COPY_PHASE_STRIP = YES;
				ENABLE_NS_ASSERTIONS = NO;
				ENABLE_STRICT_OBJC_MSGSEND = YES;
				GCC_C_LANGUAGE_STANDARD = gnu99;
				GCC_WARN_64_TO_32_BIT_CONVERSION = YES;
				GCC_WARN_ABOUT_RETURN_TYPE = YES_ERROR;
				GCC_WARN_UNDECLARED_SELECTOR = YES;
				GCC_WARN_UNINITIALIZED_AUTOS = YES_AGGRESSIVE;
				GCC_WARN_UNUSED_FUNCTION = YES;
				GCC_WARN_UNUSED_VARIABLE = YES;
				IPHONEOS_DEPLOYMENT_TARGET = 8.1;
				MTL_ENABLE_DEBUG_INFO = NO;
				SDKROOT = iphoneos;
				VALIDATE_PRODUCT = YES;
			};
			name = Release;
		};
		F93F992A1AB281F100E8DB6E /* Debug */ = {
			isa = XCBuildConfiguration;
			buildSettings = {
				ASSETCATALOG_COMPILER_APPICON_NAME = AppIcon;
				INFOPLIST_FILE = Weather/Info.plist;
				LD_RUNPATH_SEARCH_PATHS = "$(inherited) @executable_path/Frameworks";
				PRODUCT_NAME = "$(TARGET_NAME)";
			};
			name = Debug;
		};
		F93F992B1AB281F100E8DB6E /* Release */ = {
			isa = XCBuildConfiguration;
			buildSettings = {
				ASSETCATALOG_COMPILER_APPICON_NAME = AppIcon;
				INFOPLIST_FILE = Weather/Info.plist;
				LD_RUNPATH_SEARCH_PATHS = "$(inherited) @executable_path/Frameworks";
				PRODUCT_NAME = "$(TARGET_NAME)";
			};
			name = Release;
		};
		F93F992D1AB281F100E8DB6E /* Debug */ = {
			isa = XCBuildConfiguration;
			buildSettings = {
				BUNDLE_LOADER = "$(TEST_HOST)";
				FRAMEWORK_SEARCH_PATHS = (
					"$(SDKROOT)/Developer/Library/Frameworks",
					"$(inherited)",
				);
				GCC_PREPROCESSOR_DEFINITIONS = (
					"DEBUG=1",
					"$(inherited)",
				);
				INFOPLIST_FILE = WeatherTests/Info.plist;
				LD_RUNPATH_SEARCH_PATHS = "$(inherited) @executable_path/Frameworks @loader_path/Frameworks";
				PRODUCT_NAME = "$(TARGET_NAME)";
				TEST_HOST = "$(BUILT_PRODUCTS_DIR)/Weather.app/Weather";
			};
			name = Debug;
		};
		F93F992E1AB281F100E8DB6E /* Release */ = {
			isa = XCBuildConfiguration;
			buildSettings = {
				BUNDLE_LOADER = "$(TEST_HOST)";
				FRAMEWORK_SEARCH_PATHS = (
					"$(SDKROOT)/Developer/Library/Frameworks",
					"$(inherited)",
				);
				INFOPLIST_FILE = WeatherTests/Info.plist;
				LD_RUNPATH_SEARCH_PATHS = "$(inherited) @executable_path/Frameworks @loader_path/Frameworks";
				PRODUCT_NAME = "$(TARGET_NAME)";
				TEST_HOST = "$(BUILT_PRODUCTS_DIR)/Weather.app/Weather";
			};
			name = Release;
		};
/* End XCBuildConfiguration section */

/* Begin XCConfigurationList section */
		F93F98FE1AB281F000E8DB6E /* Build configuration list for PBXProject "Weather" */ = {
			isa = XCConfigurationList;
			buildConfigurations = (
				F93F99271AB281F100E8DB6E /* Debug */,
				F93F99281AB281F100E8DB6E /* Release */,
			);
			defaultConfigurationIsVisible = 0;
			defaultConfigurationName = Release;
		};
		F93F99291AB281F100E8DB6E /* Build configuration list for PBXNativeTarget "Weather" */ = {
			isa = XCConfigurationList;
			buildConfigurations = (
				F93F992A1AB281F100E8DB6E /* Debug */,
				F93F992B1AB281F100E8DB6E /* Release */,
			);
			defaultConfigurationIsVisible = 0;
		};
		F93F992C1AB281F100E8DB6E /* Build configuration list for PBXNativeTarget "WeatherTests" */ = {
			isa = XCConfigurationList;
			buildConfigurations = (
				F93F992D1AB281F100E8DB6E /* Debug */,
				F93F992E1AB281F100E8DB6E /* Release */,
			);
			defaultConfigurationIsVisible = 0;
		};
/* End XCConfigurationList section */
	};
	rootObject = F93F98FB1AB281F000E8DB6E /* Project object */;
}
