// !$*UTF8*$!
{
	archiveVersion = 1;
	classes = {
	};
	objectVersion = 46;
	objects = {

/* Begin PBXBuildFile section */
		F96BBA771AB131C800A82201 /* main.m in Sources */ = {isa = PBXBuildFile; fileRef = F96BBA761AB131C800A82201 /* main.m */; };
		F96BBA7A1AB131C800A82201 /* AppDelegate.m in Sources */ = {isa = PBXBuildFile; fileRef = F96BBA791AB131C800A82201 /* AppDelegate.m */; };
		F96BBA821AB131C800A82201 /* Images.xcassets in Resources */ = {isa = PBXBuildFile; fileRef = F96BBA811AB131C800A82201 /* Images.xcassets */; };
		F96BBA911AB131C800A82201 /* NavigationTests.m in Sources */ = {isa = PBXBuildFile; fileRef = F96BBA901AB131C800A82201 /* NavigationTests.m */; };
		F96BBA9D1AB132FB00A82201 /* FirstViewController.m in Sources */ = {isa = PBXBuildFile; fileRef = F96BBA9B1AB132FB00A82201 /* FirstViewController.m */; };
		F96BBA9E1AB132FB00A82201 /* FirstViewController.xib in Resources */ = {isa = PBXBuildFile; fileRef = F96BBA9C1AB132FB00A82201 /* FirstViewController.xib */; };
		F96BBAA21AB1351000A82201 /* SecondViewController.m in Sources */ = {isa = PBXBuildFile; fileRef = F96BBAA01AB1351000A82201 /* SecondViewController.m */; };
		F96BBAA31AB1351000A82201 /* SecondViewController.xib in Resources */ = {isa = PBXBuildFile; fileRef = F96BBAA11AB1351000A82201 /* SecondViewController.xib */; };
		F96BBAA71AB13C1C00A82201 /* ThirdViewController.m in Sources */ = {isa = PBXBuildFile; fileRef = F96BBAA51AB13C1C00A82201 /* ThirdViewController.m */; };
		F96BBAA81AB13C1C00A82201 /* ThirdViewController.xib in Resources */ = {isa = PBXBuildFile; fileRef = F96BBAA61AB13C1C00A82201 /* ThirdViewController.xib */; };
/* End PBXBuildFile section */

/* Begin PBXContainerItemProxy section */
		F96BBA8B1AB131C800A82201 /* PBXContainerItemProxy */ = {
			isa = PBXContainerItemProxy;
			containerPortal = F96BBA691AB131C700A82201 /* Project object */;
			proxyType = 1;
			remoteGlobalIDString = F96BBA701AB131C800A82201;
			remoteInfo = Navigation;
		};
/* End PBXContainerItemProxy section */

/* Begin PBXFileReference section */
		F96BBA711AB131C800A82201 /* Navigation.app */ = {isa = PBXFileReference; explicitFileType = wrapper.application; includeInIndex = 0; path = Navigation.app; sourceTree = BUILT_PRODUCTS_DIR; };
		F96BBA751AB131C800A82201 /* Info.plist */ = {isa = PBXFileReference; lastKnownFileType = text.plist.xml; path = Info.plist; sourceTree = "<group>"; };
		F96BBA761AB131C800A82201 /* main.m */ = {isa = PBXFileReference; lastKnownFileType = sourcecode.c.objc; path = main.m; sourceTree = "<group>"; };
		F96BBA781AB131C800A82201 /* AppDelegate.h */ = {isa = PBXFileReference; lastKnownFileType = sourcecode.c.h; path = AppDelegate.h; sourceTree = "<group>"; };
		F96BBA791AB131C800A82201 /* AppDelegate.m */ = {isa = PBXFileReference; lastKnownFileType = sourcecode.c.objc; path = AppDelegate.m; sourceTree = "<group>"; };
		F96BBA811AB131C800A82201 /* Images.xcassets */ = {isa = PBXFileReference; lastKnownFileType = folder.assetcatalog; path = Images.xcassets; sourceTree = "<group>"; };
		F96BBA8A1AB131C800A82201 /* NavigationTests.xctest */ = {isa = PBXFileReference; explicitFileType = wrapper.cfbundle; includeInIndex = 0; path = NavigationTests.xctest; sourceTree = BUILT_PRODUCTS_DIR; };
		F96BBA8F1AB131C800A82201 /* Info.plist */ = {isa = PBXFileReference; lastKnownFileType = text.plist.xml; path = Info.plist; sourceTree = "<group>"; };
		F96BBA901AB131C800A82201 /* NavigationTests.m */ = {isa = PBXFileReference; lastKnownFileType = sourcecode.c.objc; path = NavigationTests.m; sourceTree = "<group>"; };
		F96BBA9A1AB132FB00A82201 /* FirstViewController.h */ = {isa = PBXFileReference; fileEncoding = 4; lastKnownFileType = sourcecode.c.h; path = FirstViewController.h; sourceTree = "<group>"; };
		F96BBA9B1AB132FB00A82201 /* FirstViewController.m */ = {isa = PBXFileReference; fileEncoding = 4; lastKnownFileType = sourcecode.c.objc; path = FirstViewController.m; sourceTree = "<group>"; };
		F96BBA9C1AB132FB00A82201 /* FirstViewController.xib */ = {isa = PBXFileReference; fileEncoding = 4; lastKnownFileType = file.xib; path = FirstViewController.xib; sourceTree = "<group>"; };
		F96BBA9F1AB1351000A82201 /* SecondViewController.h */ = {isa = PBXFileReference; fileEncoding = 4; lastKnownFileType = sourcecode.c.h; path = SecondViewController.h; sourceTree = "<group>"; };
		F96BBAA01AB1351000A82201 /* SecondViewController.m */ = {isa = PBXFileReference; fileEncoding = 4; lastKnownFileType = sourcecode.c.objc; path = SecondViewController.m; sourceTree = "<group>"; };
		F96BBAA11AB1351000A82201 /* SecondViewController.xib */ = {isa = PBXFileReference; fileEncoding = 4; lastKnownFileType = file.xib; path = SecondViewController.xib; sourceTree = "<group>"; };
		F96BBAA41AB13C1C00A82201 /* ThirdViewController.h */ = {isa = PBXFileReference; fileEncoding = 4; lastKnownFileType = sourcecode.c.h; path = ThirdViewController.h; sourceTree = "<group>"; };
		F96BBAA51AB13C1C00A82201 /* ThirdViewController.m */ = {isa = PBXFileReference; fileEncoding = 4; lastKnownFileType = sourcecode.c.objc; path = ThirdViewController.m; sourceTree = "<group>"; };
		F96BBAA61AB13C1C00A82201 /* ThirdViewController.xib */ = {isa = PBXFileReference; fileEncoding = 4; lastKnownFileType = file.xib; path = ThirdViewController.xib; sourceTree = "<group>"; };
/* End PBXFileReference section */

/* Begin PBXFrameworksBuildPhase section */
		F96BBA6E1AB131C800A82201 /* Frameworks */ = {
			isa = PBXFrameworksBuildPhase;
			buildActionMask = 2147483647;
			files = (
			);
			runOnlyForDeploymentPostprocessing = 0;
		};
		F96BBA871AB131C800A82201 /* Frameworks */ = {
			isa = PBXFrameworksBuildPhase;
			buildActionMask = 2147483647;
			files = (
			);
			runOnlyForDeploymentPostprocessing = 0;
		};
/* End PBXFrameworksBuildPhase section */

/* Begin PBXGroup section */
		F96BBA681AB131C700A82201 = {
			isa = PBXGroup;
			children = (
				F96BBA731AB131C800A82201 /* Navigation */,
				F96BBA8D1AB131C800A82201 /* NavigationTests */,
				F96BBA721AB131C800A82201 /* Products */,
			);
			sourceTree = "<group>";
		};
		F96BBA721AB131C800A82201 /* Products */ = {
			isa = PBXGroup;
			children = (
				F96BBA711AB131C800A82201 /* Navigation.app */,
				F96BBA8A1AB131C800A82201 /* NavigationTests.xctest */,
			);
			name = Products;
			sourceTree = "<group>";
		};
		F96BBA731AB131C800A82201 /* Navigation */ = {
			isa = PBXGroup;
			children = (
				F96BBA781AB131C800A82201 /* AppDelegate.h */,
				F96BBA791AB131C800A82201 /* AppDelegate.m */,
				F96BBA811AB131C800A82201 /* Images.xcassets */,
				F96BBA741AB131C800A82201 /* Supporting Files */,
				F96BBA9A1AB132FB00A82201 /* FirstViewController.h */,
				F96BBA9B1AB132FB00A82201 /* FirstViewController.m */,
				F96BBA9C1AB132FB00A82201 /* FirstViewController.xib */,
				F96BBA9F1AB1351000A82201 /* SecondViewController.h */,
				F96BBAA01AB1351000A82201 /* SecondViewController.m */,
				F96BBAA11AB1351000A82201 /* SecondViewController.xib */,
				F96BBAA41AB13C1C00A82201 /* ThirdViewController.h */,
				F96BBAA51AB13C1C00A82201 /* ThirdViewController.m */,
				F96BBAA61AB13C1C00A82201 /* ThirdViewController.xib */,
			);
			path = Navigation;
			sourceTree = "<group>";
		};
		F96BBA741AB131C800A82201 /* Supporting Files */ = {
			isa = PBXGroup;
			children = (
				F96BBA751AB131C800A82201 /* Info.plist */,
				F96BBA761AB131C800A82201 /* main.m */,
			);
			name = "Supporting Files";
			sourceTree = "<group>";
		};
		F96BBA8D1AB131C800A82201 /* NavigationTests */ = {
			isa = PBXGroup;
			children = (
				F96BBA901AB131C800A82201 /* NavigationTests.m */,
				F96BBA8E1AB131C800A82201 /* Supporting Files */,
			);
			path = NavigationTests;
			sourceTree = "<group>";
		};
		F96BBA8E1AB131C800A82201 /* Supporting Files */ = {
			isa = PBXGroup;
			children = (
				F96BBA8F1AB131C800A82201 /* Info.plist */,
			);
			name = "Supporting Files";
			sourceTree = "<group>";
		};
/* End PBXGroup section */

/* Begin PBXNativeTarget section */
		F96BBA701AB131C800A82201 /* Navigation */ = {
			isa = PBXNativeTarget;
			buildConfigurationList = F96BBA941AB131C800A82201 /* Build configuration list for PBXNativeTarget "Navigation" */;
			buildPhases = (
				F96BBA6D1AB131C800A82201 /* Sources */,
				F96BBA6E1AB131C800A82201 /* Frameworks */,
				F96BBA6F1AB131C800A82201 /* Resources */,
			);
			buildRules = (
			);
			dependencies = (
			);
			name = Navigation;
			productName = Navigation;
			productReference = F96BBA711AB131C800A82201 /* Navigation.app */;
			productType = "com.apple.product-type.application";
		};
		F96BBA891AB131C800A82201 /* NavigationTests */ = {
			isa = PBXNativeTarget;
			buildConfigurationList = F96BBA971AB131C800A82201 /* Build configuration list for PBXNativeTarget "NavigationTests" */;
			buildPhases = (
				F96BBA861AB131C800A82201 /* Sources */,
				F96BBA871AB131C800A82201 /* Frameworks */,
				F96BBA881AB131C800A82201 /* Resources */,
			);
			buildRules = (
			);
			dependencies = (
				F96BBA8C1AB131C800A82201 /* PBXTargetDependency */,
			);
			name = NavigationTests;
			productName = NavigationTests;
			productReference = F96BBA8A1AB131C800A82201 /* NavigationTests.xctest */;
			productType = "com.apple.product-type.bundle.unit-test";
		};
/* End PBXNativeTarget section */

/* Begin PBXProject section */
		F96BBA691AB131C700A82201 /* Project object */ = {
			isa = PBXProject;
			attributes = {
				LastUpgradeCheck = 0610;
				ORGANIZATIONNAME = Eizer_N34;
				TargetAttributes = {
					F96BBA701AB131C800A82201 = {
						CreatedOnToolsVersion = 6.1.1;
					};
					F96BBA891AB131C800A82201 = {
						CreatedOnToolsVersion = 6.1.1;
						TestTargetID = F96BBA701AB131C800A82201;
					};
				};
			};
			buildConfigurationList = F96BBA6C1AB131C700A82201 /* Build configuration list for PBXProject "Navigation" */;
			compatibilityVersion = "Xcode 3.2";
			developmentRegion = English;
			hasScannedForEncodings = 0;
			knownRegions = (
				en,
				Base,
			);
			mainGroup = F96BBA681AB131C700A82201;
			productRefGroup = F96BBA721AB131C800A82201 /* Products */;
			projectDirPath = "";
			projectRoot = "";
			targets = (
				F96BBA701AB131C800A82201 /* Navigation */,
				F96BBA891AB131C800A82201 /* NavigationTests */,
			);
		};
/* End PBXProject section */

/* Begin PBXResourcesBuildPhase section */
		F96BBA6F1AB131C800A82201 /* Resources */ = {
			isa = PBXResourcesBuildPhase;
			buildActionMask = 2147483647;
			files = (
				F96BBA821AB131C800A82201 /* Images.xcassets in Resources */,
				F96BBA9E1AB132FB00A82201 /* FirstViewController.xib in Resources */,
				F96BBAA81AB13C1C00A82201 /* ThirdViewController.xib in Resources */,
				F96BBAA31AB1351000A82201 /* SecondViewController.xib in Resources */,
			);
			runOnlyForDeploymentPostprocessing = 0;
		};
		F96BBA881AB131C800A82201 /* Resources */ = {
			isa = PBXResourcesBuildPhase;
			buildActionMask = 2147483647;
			files = (
			);
			runOnlyForDeploymentPostprocessing = 0;
		};
/* End PBXResourcesBuildPhase section */

/* Begin PBXSourcesBuildPhase section */
		F96BBA6D1AB131C800A82201 /* Sources */ = {
			isa = PBXSourcesBuildPhase;
			buildActionMask = 2147483647;
			files = (
				F96BBAA21AB1351000A82201 /* SecondViewController.m in Sources */,
				F96BBAA71AB13C1C00A82201 /* ThirdViewController.m in Sources */,
				F96BBA7A1AB131C800A82201 /* AppDelegate.m in Sources */,
				F96BBA9D1AB132FB00A82201 /* FirstViewController.m in Sources */,
				F96BBA771AB131C800A82201 /* main.m in Sources */,
			);
			runOnlyForDeploymentPostprocessing = 0;
		};
		F96BBA861AB131C800A82201 /* Sources */ = {
			isa = PBXSourcesBuildPhase;
			buildActionMask = 2147483647;
			files = (
				F96BBA911AB131C800A82201 /* NavigationTests.m in Sources */,
			);
			runOnlyForDeploymentPostprocessing = 0;
		};
/* End PBXSourcesBuildPhase section */

/* Begin PBXTargetDependency section */
		F96BBA8C1AB131C800A82201 /* PBXTargetDependency */ = {
			isa = PBXTargetDependency;
			target = F96BBA701AB131C800A82201 /* Navigation */;
			targetProxy = F96BBA8B1AB131C800A82201 /* PBXContainerItemProxy */;
		};
/* End PBXTargetDependency section */

/* Begin XCBuildConfiguration section */
		F96BBA921AB131C800A82201 /* Debug */ = {
			isa = XCBuildConfiguration;
			buildSettings = {
				ALWAYS_SEARCH_USER_PATHS = NO;
				CLANG_CXX_LANGUAGE_STANDARD = "gnu++0x";
				CLANG_CXX_LIBRARY = "libc++";
				CLANG_ENABLE_MODULES = YES;
				CLANG_ENABLE_OBJC_ARC = YES;
				CLANG_WARN_BOOL_CONVERSION = YES;
				CLANG_WARN_CONSTANT_CONVERSION = YES;
				CLANG_WARN_DIRECT_OBJC_ISA_USAGE = YES_ERROR;
				CLANG_WARN_EMPTY_BODY = YES;
				CLANG_WARN_ENUM_CONVERSION = YES;
				CLANG_WARN_INT_CONVERSION = YES;
				CLANG_WARN_OBJC_ROOT_CLASS = YES_ERROR;
				CLANG_WARN_UNREACHABLE_CODE = YES;
				CLANG_WARN__DUPLICATE_METHOD_MATCH = YES;
				"CODE_SIGN_IDENTITY[sdk=iphoneos*]" = "iPhone Developer";
				COPY_PHASE_STRIP = NO;
				ENABLE_STRICT_OBJC_MSGSEND = YES;
				GCC_C_LANGUAGE_STANDARD = gnu99;
				GCC_DYNAMIC_NO_PIC = NO;
				GCC_OPTIMIZATION_LEVEL = 0;
				GCC_PREPROCESSOR_DEFINITIONS = (
					"DEBUG=1",
					"$(inherited)",
				);
				GCC_SYMBOLS_PRIVATE_EXTERN = NO;
				GCC_WARN_64_TO_32_BIT_CONVERSION = YES;
				GCC_WARN_ABOUT_RETURN_TYPE = YES_ERROR;
				GCC_WARN_UNDECLARED_SELECTOR = YES;
				GCC_WARN_UNINITIALIZED_AUTOS = YES_AGGRESSIVE;
				GCC_WARN_UNUSED_FUNCTION = YES;
				GCC_WARN_UNUSED_VARIABLE = YES;
				IPHONEOS_DEPLOYMENT_TARGET = 8.1;
				MTL_ENABLE_DEBUG_INFO = YES;
				ONLY_ACTIVE_ARCH = YES;
				SDKROOT = iphoneos;
			};
			name = Debug;
		};
		F96BBA931AB131C800A82201 /* Release */ = {
			isa = XCBuildConfiguration;
			buildSettings = {
				ALWAYS_SEARCH_USER_PATHS = NO;
				CLANG_CXX_LANGUAGE_STANDARD = "gnu++0x";
				CLANG_CXX_LIBRARY = "libc++";
				CLANG_ENABLE_MODULES = YES;
				CLANG_ENABLE_OBJC_ARC = YES;
				CLANG_WARN_BOOL_CONVERSION = YES;
				CLANG_WARN_CONSTANT_CONVERSION = YES;
				CLANG_WARN_DIRECT_OBJC_ISA_USAGE = YES_ERROR;
				CLANG_WARN_EMPTY_BODY = YES;
				CLANG_WARN_ENUM_CONVERSION = YES;
				CLANG_WARN_INT_CONVERSION = YES;
				CLANG_WARN_OBJC_ROOT_CLASS = YES_ERROR;
				CLANG_WARN_UNREACHABLE_CODE = YES;
				CLANG_WARN__DUPLICATE_METHOD_MATCH = YES;
				"CODE_SIGN_IDENTITY[sdk=iphoneos*]" = "iPhone Developer";
				COPY_PHASE_STRIP = YES;
				ENABLE_NS_ASSERTIONS = NO;
				ENABLE_STRICT_OBJC_MSGSEND = YES;
				GCC_C_LANGUAGE_STANDARD = gnu99;
				GCC_WARN_64_TO_32_BIT_CONVERSION = YES;
				GCC_WARN_ABOUT_RETURN_TYPE = YES_ERROR;
				GCC_WARN_UNDECLARED_SELECTOR = YES;
				GCC_WARN_UNINITIALIZED_AUTOS = YES_AGGRESSIVE;
				GCC_WARN_UNUSED_FUNCTION = YES;
				GCC_WARN_UNUSED_VARIABLE = YES;
				IPHONEOS_DEPLOYMENT_TARGET = 8.1;
				MTL_ENABLE_DEBUG_INFO = NO;
				SDKROOT = iphoneos;
				VALIDATE_PRODUCT = YES;
			};
			name = Release;
		};
		F96BBA951AB131C800A82201 /* Debug */ = {
			isa = XCBuildConfiguration;
			buildSettings = {
				ASSETCATALOG_COMPILER_APPICON_NAME = AppIcon;
				ASSETCATALOG_COMPILER_LAUNCHIMAGE_NAME = LaunchImage;
				INFOPLIST_FILE = Navigation/Info.plist;
				LD_RUNPATH_SEARCH_PATHS = "$(inherited) @executable_path/Frameworks";
				PRODUCT_NAME = "$(TARGET_NAME)";
			};
			name = Debug;
		};
		F96BBA961AB131C800A82201 /* Release */ = {
			isa = XCBuildConfiguration;
			buildSettings = {
				ASSETCATALOG_COMPILER_APPICON_NAME = AppIcon;
				ASSETCATALOG_COMPILER_LAUNCHIMAGE_NAME = LaunchImage;
				INFOPLIST_FILE = Navigation/Info.plist;
				LD_RUNPATH_SEARCH_PATHS = "$(inherited) @executable_path/Frameworks";
				PRODUCT_NAME = "$(TARGET_NAME)";
			};
			name = Release;
		};
		F96BBA981AB131C800A82201 /* Debug */ = {
			isa = XCBuildConfiguration;
			buildSettings = {
				BUNDLE_LOADER = "$(TEST_HOST)";
				FRAMEWORK_SEARCH_PATHS = (
					"$(SDKROOT)/Developer/Library/Frameworks",
					"$(inherited)",
				);
				GCC_PREPROCESSOR_DEFINITIONS = (
					"DEBUG=1",
					"$(inherited)",
				);
				INFOPLIST_FILE = NavigationTests/Info.plist;
				LD_RUNPATH_SEARCH_PATHS = "$(inherited) @executable_path/Frameworks @loader_path/Frameworks";
				PRODUCT_NAME = "$(TARGET_NAME)";
				TEST_HOST = "$(BUILT_PRODUCTS_DIR)/Navigation.app/Navigation";
			};
			name = Debug;
		};
		F96BBA991AB131C800A82201 /* Release */ = {
			isa = XCBuildConfiguration;
			buildSettings = {
				BUNDLE_LOADER = "$(TEST_HOST)";
				FRAMEWORK_SEARCH_PATHS = (
					"$(SDKROOT)/Developer/Library/Frameworks",
					"$(inherited)",
				);
				INFOPLIST_FILE = NavigationTests/Info.plist;
				LD_RUNPATH_SEARCH_PATHS = "$(inherited) @executable_path/Frameworks @loader_path/Frameworks";
				PRODUCT_NAME = "$(TARGET_NAME)";
				TEST_HOST = "$(BUILT_PRODUCTS_DIR)/Navigation.app/Navigation";
			};
			name = Release;
		};
/* End XCBuildConfiguration section */

/* Begin XCConfigurationList section */
		F96BBA6C1AB131C700A82201 /* Build configuration list for PBXProject "Navigation" */ = {
			isa = XCConfigurationList;
			buildConfigurations = (
				F96BBA921AB131C800A82201 /* Debug */,
				F96BBA931AB131C800A82201 /* Release */,
			);
			defaultConfigurationIsVisible = 0;
			defaultConfigurationName = Release;
		};
		F96BBA941AB131C800A82201 /* Build configuration list for PBXNativeTarget "Navigation" */ = {
			isa = XCConfigurationList;
			buildConfigurations = (
				F96BBA951AB131C800A82201 /* Debug */,
				F96BBA961AB131C800A82201 /* Release */,
			);
			defaultConfigurationIsVisible = 0;
		};
		F96BBA971AB131C800A82201 /* Build configuration list for PBXNativeTarget "NavigationTests" */ = {
			isa = XCConfigurationList;
			buildConfigurations = (
				F96BBA981AB131C800A82201 /* Debug */,
				F96BBA991AB131C800A82201 /* Release */,
			);
			defaultConfigurationIsVisible = 0;
		};
/* End XCConfigurationList section */
	};
	rootObject = F96BBA691AB131C700A82201 /* Project object */;
}
