// !$*UTF8*$!
{
	archiveVersion = 1;
	classes = {
	};
	objectVersion = 46;
	objects = {

/* Begin PBXBuildFile section */
		F96BBA091AB12DF300A82201 /* main.m in Sources */ = {isa = PBXBuildFile; fileRef = F96BBA081AB12DF300A82201 /* main.m */; };
		F96BBA0C1AB12DF300A82201 /* AppDelegate.m in Sources */ = {isa = PBXBuildFile; fileRef = F96BBA0B1AB12DF300A82201 /* AppDelegate.m */; };
		F96BBA0F1AB12DF300A82201 /* ViewController.m in Sources */ = {isa = PBXBuildFile; fileRef = F96BBA0E1AB12DF300A82201 /* ViewController.m */; };
		F96BBA121AB12DF300A82201 /* Main.storyboard in Resources */ = {isa = PBXBuildFile; fileRef = F96BBA101AB12DF300A82201 /* Main.storyboard */; };
		F96BBA141AB12DF300A82201 /* Images.xcassets in Resources */ = {isa = PBXBuildFile; fileRef = F96BBA131AB12DF300A82201 /* Images.xcassets */; };
		F96BBA171AB12DF300A82201 /* LaunchScreen.xib in Resources */ = {isa = PBXBuildFile; fileRef = F96BBA151AB12DF300A82201 /* LaunchScreen.xib */; };
		F96BBA231AB12DF400A82201 /* TabModelTests.m in Sources */ = {isa = PBXBuildFile; fileRef = F96BBA221AB12DF400A82201 /* TabModelTests.m */; };
/* End PBXBuildFile section */

/* Begin PBXContainerItemProxy section */
		F96BBA1D1AB12DF300A82201 /* PBXContainerItemProxy */ = {
			isa = PBXContainerItemProxy;
			containerPortal = F96BB9FB1AB12DF300A82201 /* Project object */;
			proxyType = 1;
			remoteGlobalIDString = F96BBA021AB12DF300A82201;
			remoteInfo = TabModel;
		};
/* End PBXContainerItemProxy section */

/* Begin PBXFileReference section */
		F96BBA031AB12DF300A82201 /* TabModel.app */ = {isa = PBXFileReference; explicitFileType = wrapper.application; includeInIndex = 0; path = TabModel.app; sourceTree = BUILT_PRODUCTS_DIR; };
		F96BBA071AB12DF300A82201 /* Info.plist */ = {isa = PBXFileReference; lastKnownFileType = text.plist.xml; path = Info.plist; sourceTree = "<group>"; };
		F96BBA081AB12DF300A82201 /* main.m */ = {isa = PBXFileReference; lastKnownFileType = sourcecode.c.objc; path = main.m; sourceTree = "<group>"; };
		F96BBA0A1AB12DF300A82201 /* AppDelegate.h */ = {isa = PBXFileReference; lastKnownFileType = sourcecode.c.h; path = AppDelegate.h; sourceTree = "<group>"; };
		F96BBA0B1AB12DF300A82201 /* AppDelegate.m */ = {isa = PBXFileReference; lastKnownFileType = sourcecode.c.objc; path = AppDelegate.m; sourceTree = "<group>"; };
		F96BBA0D1AB12DF300A82201 /* ViewController.h */ = {isa = PBXFileReference; lastKnownFileType = sourcecode.c.h; path = ViewController.h; sourceTree = "<group>"; };
		F96BBA0E1AB12DF300A82201 /* ViewController.m */ = {isa = PBXFileReference; lastKnownFileType = sourcecode.c.objc; path = ViewController.m; sourceTree = "<group>"; };
		F96BBA111AB12DF300A82201 /* Base */ = {isa = PBXFileReference; lastKnownFileType = file.storyboard; name = Base; path = Base.lproj/Main.storyboard; sourceTree = "<group>"; };
		F96BBA131AB12DF300A82201 /* Images.xcassets */ = {isa = PBXFileReference; lastKnownFileType = folder.assetcatalog; path = Images.xcassets; sourceTree = "<group>"; };
		F96BBA161AB12DF300A82201 /* Base */ = {isa = PBXFileReference; lastKnownFileType = file.xib; name = Base; path = Base.lproj/LaunchScreen.xib; sourceTree = "<group>"; };
		F96BBA1C1AB12DF300A82201 /* TabModelTests.xctest */ = {isa = PBXFileReference; explicitFileType = wrapper.cfbundle; includeInIndex = 0; path = TabModelTests.xctest; sourceTree = BUILT_PRODUCTS_DIR; };
		F96BBA211AB12DF300A82201 /* Info.plist */ = {isa = PBXFileReference; lastKnownFileType = text.plist.xml; path = Info.plist; sourceTree = "<group>"; };
		F96BBA221AB12DF400A82201 /* TabModelTests.m */ = {isa = PBXFileReference; lastKnownFileType = sourcecode.c.objc; path = TabModelTests.m; sourceTree = "<group>"; };
/* End PBXFileReference section */

/* Begin PBXFrameworksBuildPhase section */
		F96BBA001AB12DF300A82201 /* Frameworks */ = {
			isa = PBXFrameworksBuildPhase;
			buildActionMask = 2147483647;
			files = (
			);
			runOnlyForDeploymentPostprocessing = 0;
		};
		F96BBA191AB12DF300A82201 /* Frameworks */ = {
			isa = PBXFrameworksBuildPhase;
			buildActionMask = 2147483647;
			files = (
			);
			runOnlyForDeploymentPostprocessing = 0;
		};
/* End PBXFrameworksBuildPhase section */

/* Begin PBXGroup section */
		F96BB9FA1AB12DF300A82201 = {
			isa = PBXGroup;
			children = (
				F96BBA051AB12DF300A82201 /* TabModel */,
				F96BBA1F1AB12DF300A82201 /* TabModelTests */,
				F96BBA041AB12DF300A82201 /* Products */,
			);
			sourceTree = "<group>";
		};
		F96BBA041AB12DF300A82201 /* Products */ = {
			isa = PBXGroup;
			children = (
				F96BBA031AB12DF300A82201 /* TabModel.app */,
				F96BBA1C1AB12DF300A82201 /* TabModelTests.xctest */,
			);
			name = Products;
			sourceTree = "<group>";
		};
		F96BBA051AB12DF300A82201 /* TabModel */ = {
			isa = PBXGroup;
			children = (
				F96BBA0A1AB12DF300A82201 /* AppDelegate.h */,
				F96BBA0B1AB12DF300A82201 /* AppDelegate.m */,
				F96BBA0D1AB12DF300A82201 /* ViewController.h */,
				F96BBA0E1AB12DF300A82201 /* ViewController.m */,
				F96BBA101AB12DF300A82201 /* Main.storyboard */,
				F96BBA131AB12DF300A82201 /* Images.xcassets */,
				F96BBA151AB12DF300A82201 /* LaunchScreen.xib */,
				F96BBA061AB12DF300A82201 /* Supporting Files */,
			);
			path = TabModel;
			sourceTree = "<group>";
		};
		F96BBA061AB12DF300A82201 /* Supporting Files */ = {
			isa = PBXGroup;
			children = (
				F96BBA071AB12DF300A82201 /* Info.plist */,
				F96BBA081AB12DF300A82201 /* main.m */,
			);
			name = "Supporting Files";
			sourceTree = "<group>";
		};
		F96BBA1F1AB12DF300A82201 /* TabModelTests */ = {
			isa = PBXGroup;
			children = (
				F96BBA221AB12DF400A82201 /* TabModelTests.m */,
				F96BBA201AB12DF300A82201 /* Supporting Files */,
			);
			path = TabModelTests;
			sourceTree = "<group>";
		};
		F96BBA201AB12DF300A82201 /* Supporting Files */ = {
			isa = PBXGroup;
			children = (
				F96BBA211AB12DF300A82201 /* Info.plist */,
			);
			name = "Supporting Files";
			sourceTree = "<group>";
		};
/* End PBXGroup section */

/* Begin PBXNativeTarget section */
		F96BBA021AB12DF300A82201 /* TabModel */ = {
			isa = PBXNativeTarget;
			buildConfigurationList = F96BBA261AB12DF400A82201 /* Build configuration list for PBXNativeTarget "TabModel" */;
			buildPhases = (
				F96BB9FF1AB12DF300A82201 /* Sources */,
				F96BBA001AB12DF300A82201 /* Frameworks */,
				F96BBA011AB12DF300A82201 /* Resources */,
			);
			buildRules = (
			);
			dependencies = (
			);
			name = TabModel;
			productName = TabModel;
			productReference = F96BBA031AB12DF300A82201 /* TabModel.app */;
			productType = "com.apple.product-type.application";
		};
		F96BBA1B1AB12DF300A82201 /* TabModelTests */ = {
			isa = PBXNativeTarget;
			buildConfigurationList = F96BBA291AB12DF400A82201 /* Build configuration list for PBXNativeTarget "TabModelTests" */;
			buildPhases = (
				F96BBA181AB12DF300A82201 /* Sources */,
				F96BBA191AB12DF300A82201 /* Frameworks */,
				F96BBA1A1AB12DF300A82201 /* Resources */,
			);
			buildRules = (
			);
			dependencies = (
				F96BBA1E1AB12DF300A82201 /* PBXTargetDependency */,
			);
			name = TabModelTests;
			productName = TabModelTests;
			productReference = F96BBA1C1AB12DF300A82201 /* TabModelTests.xctest */;
			productType = "com.apple.product-type.bundle.unit-test";
		};
/* End PBXNativeTarget section */

/* Begin PBXProject section */
		F96BB9FB1AB12DF300A82201 /* Project object */ = {
			isa = PBXProject;
			attributes = {
				LastUpgradeCheck = 0610;
				ORGANIZATIONNAME = Eizer_N34;
				TargetAttributes = {
					F96BBA021AB12DF300A82201 = {
						CreatedOnToolsVersion = 6.1.1;
					};
					F96BBA1B1AB12DF300A82201 = {
						CreatedOnToolsVersion = 6.1.1;
						TestTargetID = F96BBA021AB12DF300A82201;
					};
				};
			};
			buildConfigurationList = F96BB9FE1AB12DF300A82201 /* Build configuration list for PBXProject "TabModel" */;
			compatibilityVersion = "Xcode 3.2";
			developmentRegion = English;
			hasScannedForEncodings = 0;
			knownRegions = (
				en,
				Base,
			);
			mainGroup = F96BB9FA1AB12DF300A82201;
			productRefGroup = F96BBA041AB12DF300A82201 /* Products */;
			projectDirPath = "";
			projectRoot = "";
			targets = (
				F96BBA021AB12DF300A82201 /* TabModel */,
				F96BBA1B1AB12DF300A82201 /* TabModelTests */,
			);
		};
/* End PBXProject section */

/* Begin PBXResourcesBuildPhase section */
		F96BBA011AB12DF300A82201 /* Resources */ = {
			isa = PBXResourcesBuildPhase;
			buildActionMask = 2147483647;
			files = (
				F96BBA121AB12DF300A82201 /* Main.storyboard in Resources */,
				F96BBA171AB12DF300A82201 /* LaunchScreen.xib in Resources */,
				F96BBA141AB12DF300A82201 /* Images.xcassets in Resources */,
			);
			runOnlyForDeploymentPostprocessing = 0;
		};
		F96BBA1A1AB12DF300A82201 /* Resources */ = {
			isa = PBXResourcesBuildPhase;
			buildActionMask = 2147483647;
			files = (
			);
			runOnlyForDeploymentPostprocessing = 0;
		};
/* End PBXResourcesBuildPhase section */

/* Begin PBXSourcesBuildPhase section */
		F96BB9FF1AB12DF300A82201 /* Sources */ = {
			isa = PBXSourcesBuildPhase;
			buildActionMask = 2147483647;
			files = (
				F96BBA0F1AB12DF300A82201 /* ViewController.m in Sources */,
				F96BBA0C1AB12DF300A82201 /* AppDelegate.m in Sources */,
				F96BBA091AB12DF300A82201 /* main.m in Sources */,
			);
			runOnlyForDeploymentPostprocessing = 0;
		};
		F96BBA181AB12DF300A82201 /* Sources */ = {
			isa = PBXSourcesBuildPhase;
			buildActionMask = 2147483647;
			files = (
				F96BBA231AB12DF400A82201 /* TabModelTests.m in Sources */,
			);
			runOnlyForDeploymentPostprocessing = 0;
		};
/* End PBXSourcesBuildPhase section */

/* Begin PBXTargetDependency section */
		F96BBA1E1AB12DF300A82201 /* PBXTargetDependency */ = {
			isa = PBXTargetDependency;
			target = F96BBA021AB12DF300A82201 /* TabModel */;
			targetProxy = F96BBA1D1AB12DF300A82201 /* PBXContainerItemProxy */;
		};
/* End PBXTargetDependency section */

/* Begin PBXVariantGroup section */
		F96BBA101AB12DF300A82201 /* Main.storyboard */ = {
			isa = PBXVariantGroup;
			children = (
				F96BBA111AB12DF300A82201 /* Base */,
			);
			name = Main.storyboard;
			sourceTree = "<group>";
		};
		F96BBA151AB12DF300A82201 /* LaunchScreen.xib */ = {
			isa = PBXVariantGroup;
			children = (
				F96BBA161AB12DF300A82201 /* Base */,
			);
			name = LaunchScreen.xib;
			sourceTree = "<group>";
		};
/* End PBXVariantGroup section */

/* Begin XCBuildConfiguration section */
		F96BBA241AB12DF400A82201 /* Debug */ = {
			isa = XCBuildConfiguration;
			buildSettings = {
				ALWAYS_SEARCH_USER_PATHS = NO;
				CLANG_CXX_LANGUAGE_STANDARD = "gnu++0x";
				CLANG_CXX_LIBRARY = "libc++";
				CLANG_ENABLE_MODULES = YES;
				CLANG_ENABLE_OBJC_ARC = YES;
				CLANG_WARN_BOOL_CONVERSION = YES;
				CLANG_WARN_CONSTANT_CONVERSION = YES;
				CLANG_WARN_DIRECT_OBJC_ISA_USAGE = YES_ERROR;
				CLANG_WARN_EMPTY_BODY = YES;
				CLANG_WARN_ENUM_CONVERSION = YES;
				CLANG_WARN_INT_CONVERSION = YES;
				CLANG_WARN_OBJC_ROOT_CLASS = YES_ERROR;
				CLANG_WARN_UNREACHABLE_CODE = YES;
				CLANG_WARN__DUPLICATE_METHOD_MATCH = YES;
				"CODE_SIGN_IDENTITY[sdk=iphoneos*]" = "iPhone Developer";
				COPY_PHASE_STRIP = NO;
				ENABLE_STRICT_OBJC_MSGSEND = YES;
				GCC_C_LANGUAGE_STANDARD = gnu99;
				GCC_DYNAMIC_NO_PIC = NO;
				GCC_OPTIMIZATION_LEVEL = 0;
				GCC_PREPROCESSOR_DEFINITIONS = (
					"DEBUG=1",
					"$(inherited)",
				);
				GCC_SYMBOLS_PRIVATE_EXTERN = NO;
				GCC_WARN_64_TO_32_BIT_CONVERSION = YES;
				GCC_WARN_ABOUT_RETURN_TYPE = YES_ERROR;
				GCC_WARN_UNDECLARED_SELECTOR = YES;
				GCC_WARN_UNINITIALIZED_AUTOS = YES_AGGRESSIVE;
				GCC_WARN_UNUSED_FUNCTION = YES;
				GCC_WARN_UNUSED_VARIABLE = YES;
				IPHONEOS_DEPLOYMENT_TARGET = 8.1;
				MTL_ENABLE_DEBUG_INFO = YES;
				ONLY_ACTIVE_ARCH = YES;
				SDKROOT = iphoneos;
			};
			name = Debug;
		};
		F96BBA251AB12DF400A82201 /* Release */ = {
			isa = XCBuildConfiguration;
			buildSettings = {
				ALWAYS_SEARCH_USER_PATHS = NO;
				CLANG_CXX_LANGUAGE_STANDARD = "gnu++0x";
				CLANG_CXX_LIBRARY = "libc++";
				CLANG_ENABLE_MODULES = YES;
				CLANG_ENABLE_OBJC_ARC = YES;
				CLANG_WARN_BOOL_CONVERSION = YES;
				CLANG_WARN_CONSTANT_CONVERSION = YES;
				CLANG_WARN_DIRECT_OBJC_ISA_USAGE = YES_ERROR;
				CLANG_WARN_EMPTY_BODY = YES;
				CLANG_WARN_ENUM_CONVERSION = YES;
				CLANG_WARN_INT_CONVERSION = YES;
				CLANG_WARN_OBJC_ROOT_CLASS = YES_ERROR;
				CLANG_WARN_UNREACHABLE_CODE = YES;
				CLANG_WARN__DUPLICATE_METHOD_MATCH = YES;
				"CODE_SIGN_IDENTITY[sdk=iphoneos*]" = "iPhone Developer";
				COPY_PHASE_STRIP = YES;
				ENABLE_NS_ASSERTIONS = NO;
				ENABLE_STRICT_OBJC_MSGSEND = YES;
				GCC_C_LANGUAGE_STANDARD = gnu99;
				GCC_WARN_64_TO_32_BIT_CONVERSION = YES;
				GCC_WARN_ABOUT_RETURN_TYPE = YES_ERROR;
				GCC_WARN_UNDECLARED_SELECTOR = YES;
				GCC_WARN_UNINITIALIZED_AUTOS = YES_AGGRESSIVE;
				GCC_WARN_UNUSED_FUNCTION = YES;
				GCC_WARN_UNUSED_VARIABLE = YES;
				IPHONEOS_DEPLOYMENT_TARGET = 8.1;
				MTL_ENABLE_DEBUG_INFO = NO;
				SDKROOT = iphoneos;
				VALIDATE_PRODUCT = YES;
			};
			name = Release;
		};
		F96BBA271AB12DF400A82201 /* Debug */ = {
			isa = XCBuildConfiguration;
			buildSettings = {
				ASSETCATALOG_COMPILER_APPICON_NAME = AppIcon;
				INFOPLIST_FILE = TabModel/Info.plist;
				LD_RUNPATH_SEARCH_PATHS = "$(inherited) @executable_path/Frameworks";
				PRODUCT_NAME = "$(TARGET_NAME)";
			};
			name = Debug;
		};
		F96BBA281AB12DF400A82201 /* Release */ = {
			isa = XCBuildConfiguration;
			buildSettings = {
				ASSETCATALOG_COMPILER_APPICON_NAME = AppIcon;
				INFOPLIST_FILE = TabModel/Info.plist;
				LD_RUNPATH_SEARCH_PATHS = "$(inherited) @executable_path/Frameworks";
				PRODUCT_NAME = "$(TARGET_NAME)";
			};
			name = Release;
		};
		F96BBA2A1AB12DF400A82201 /* Debug */ = {
			isa = XCBuildConfiguration;
			buildSettings = {
				BUNDLE_LOADER = "$(TEST_HOST)";
				FRAMEWORK_SEARCH_PATHS = (
					"$(SDKROOT)/Developer/Library/Frameworks",
					"$(inherited)",
				);
				GCC_PREPROCESSOR_DEFINITIONS = (
					"DEBUG=1",
					"$(inherited)",
				);
				INFOPLIST_FILE = TabModelTests/Info.plist;
				LD_RUNPATH_SEARCH_PATHS = "$(inherited) @executable_path/Frameworks @loader_path/Frameworks";
				PRODUCT_NAME = "$(TARGET_NAME)";
				TEST_HOST = "$(BUILT_PRODUCTS_DIR)/TabModel.app/TabModel";
			};
			name = Debug;
		};
		F96BBA2B1AB12DF400A82201 /* Release */ = {
			isa = XCBuildConfiguration;
			buildSettings = {
				BUNDLE_LOADER = "$(TEST_HOST)";
				FRAMEWORK_SEARCH_PATHS = (
					"$(SDKROOT)/Developer/Library/Frameworks",
					"$(inherited)",
				);
				INFOPLIST_FILE = TabModelTests/Info.plist;
				LD_RUNPATH_SEARCH_PATHS = "$(inherited) @executable_path/Frameworks @loader_path/Frameworks";
				PRODUCT_NAME = "$(TARGET_NAME)";
				TEST_HOST = "$(BUILT_PRODUCTS_DIR)/TabModel.app/TabModel";
			};
			name = Release;
		};
/* End XCBuildConfiguration section */

/* Begin XCConfigurationList section */
		F96BB9FE1AB12DF300A82201 /* Build configuration list for PBXProject "TabModel" */ = {
			isa = XCConfigurationList;
			buildConfigurations = (
				F96BBA241AB12DF400A82201 /* Debug */,
				F96BBA251AB12DF400A82201 /* Release */,
			);
			defaultConfigurationIsVisible = 0;
			defaultConfigurationName = Release;
		};
		F96BBA261AB12DF400A82201 /* Build configuration list for PBXNativeTarget "TabModel" */ = {
			isa = XCConfigurationList;
			buildConfigurations = (
				F96BBA271AB12DF400A82201 /* Debug */,
				F96BBA281AB12DF400A82201 /* Release */,
			);
			defaultConfigurationIsVisible = 0;
		};
		F96BBA291AB12DF400A82201 /* Build configuration list for PBXNativeTarget "TabModelTests" */ = {
			isa = XCConfigurationList;
			buildConfigurations = (
				F96BBA2A1AB12DF400A82201 /* Debug */,
				F96BBA2B1AB12DF400A82201 /* Release */,
			);
			defaultConfigurationIsVisible = 0;
		};
/* End XCConfigurationList section */
	};
	rootObject = F96BB9FB1AB12DF300A82201 /* Project object */;
}
